// !$*UTF8*$!
{
	archiveVersion = 1;
	classes = {
	};
	objectVersion = 55;
	objects = {

/* Begin PBXBuildFile section */
		5386F2742F5FE4D9BD67E437 /* Pods_InstagramClone.framework in Frameworks */ = {isa = PBXBuildFile; fileRef = 93C2667D5D8E9DDDE5CBCC9E /* Pods_InstagramClone.framework */; };
		5701430B2A30C8F900F1B8D5 /* PostDetailCellViewModel.swift in Sources */ = {isa = PBXBuildFile; fileRef = 5701430A2A30C8F900F1B8D5 /* PostDetailCellViewModel.swift */; };
		5701430D2A317D0400F1B8D5 /* HomePostCellViewModel.swift in Sources */ = {isa = PBXBuildFile; fileRef = 5701430C2A317D0400F1B8D5 /* HomePostCellViewModel.swift */; };
		5718EAF52A05E73C00C44428 /* PhotoCollectionViewCell.swift in Sources */ = {isa = PBXBuildFile; fileRef = 5718EAF42A05E73C00C44428 /* PhotoCollectionViewCell.swift */; };
		5718EAF72A05EC9000C44428 /* ProfileStoryCell.swift in Sources */ = {isa = PBXBuildFile; fileRef = 5718EAF62A05EC9000C44428 /* ProfileStoryCell.swift */; };
		571C48352A28378E009EECE0 /* LoadingIndicatorFooterView.swift in Sources */ = {isa = PBXBuildFile; fileRef = 571C48342A28378E009EECE0 /* LoadingIndicatorFooterView.swift */; };
		571C48372A28590D009EECE0 /* ExploreController + Setup.swift in Sources */ = {isa = PBXBuildFile; fileRef = 571C48362A28590D009EECE0 /* ExploreController + Setup.swift */; };
		571C483B2A28FB44009EECE0 /* FollowersDetailController.swift in Sources */ = {isa = PBXBuildFile; fileRef = 571C483A2A28FB44009EECE0 /* FollowersDetailController.swift */; };
		571C483D2A28FB59009EECE0 /* FollowingDetailController.swift in Sources */ = {isa = PBXBuildFile; fileRef = 571C483C2A28FB59009EECE0 /* FollowingDetailController.swift */; };
		571C48432A2902A8009EECE0 /* FollowersDetailCell.swift in Sources */ = {isa = PBXBuildFile; fileRef = 571C48422A2902A8009EECE0 /* FollowersDetailCell.swift */; };
		571C48452A2902AE009EECE0 /* FollowingDetailCell.swift in Sources */ = {isa = PBXBuildFile; fileRef = 571C48442A2902AE009EECE0 /* FollowingDetailCell.swift */; };
		571C48472A299F67009EECE0 /* FollowingDetailController + Setup.swift in Sources */ = {isa = PBXBuildFile; fileRef = 571C48462A299F67009EECE0 /* FollowingDetailController + Setup.swift */; };
		571C48492A299F7D009EECE0 /* FollowersDetailController + Setup.swift in Sources */ = {isa = PBXBuildFile; fileRef = 571C48482A299F7D009EECE0 /* FollowersDetailController + Setup.swift */; };
		571C484B2A29B278009EECE0 /* CommentController.swift in Sources */ = {isa = PBXBuildFile; fileRef = 571C484A2A29B278009EECE0 /* CommentController.swift */; };
		5720688529F433D500FB133B /* PhotoSelectorHeader.swift in Sources */ = {isa = PBXBuildFile; fileRef = 5720688429F433D500FB133B /* PhotoSelectorHeader.swift */; };
		572388D029F76DF900B5936D /* PostManager.swift in Sources */ = {isa = PBXBuildFile; fileRef = 572388CF29F76DF900B5936D /* PostManager.swift */; };
		572388D229F771C700B5936D /* Post.swift in Sources */ = {isa = PBXBuildFile; fileRef = 572388D129F771C700B5936D /* Post.swift */; };
		5725FD2129F4C75000D5A600 /* NewPostController.swift in Sources */ = {isa = PBXBuildFile; fileRef = 5725FD2029F4C75000D5A600 /* NewPostController.swift */; };
		5725FD2329F4E40A00D5A600 /* PhotoSelectorController + Setup.swift in Sources */ = {isa = PBXBuildFile; fileRef = 5725FD2229F4E40A00D5A600 /* PhotoSelectorController + Setup.swift */; };
		57276EA82A1F232200BEFA37 /* UserSearchView.swift in Sources */ = {isa = PBXBuildFile; fileRef = 57276EA72A1F232200BEFA37 /* UserSearchView.swift */; };
		57276EAB2A1F640200BEFA37 /* SearchUserTableViewCell.swift in Sources */ = {isa = PBXBuildFile; fileRef = 57276EAA2A1F640200BEFA37 /* SearchUserTableViewCell.swift */; };
		5733AE2F2A1325A100193A85 /* PagingViewController + Setup.swift in Sources */ = {isa = PBXBuildFile; fileRef = 5733AE2D2A1325A100193A85 /* PagingViewController + Setup.swift */; };
		5733AE302A1325A100193A85 /* PagingViewController.swift in Sources */ = {isa = PBXBuildFile; fileRef = 5733AE2E2A1325A100193A85 /* PagingViewController.swift */; };
		5733AE322A1325E200193A85 /* UIViewController + Extension.swift in Sources */ = {isa = PBXBuildFile; fileRef = 5733AE312A1325E200193A85 /* UIViewController + Extension.swift */; };
		5733AE352A13263B00193A85 /* SwipeDirection.swift in Sources */ = {isa = PBXBuildFile; fileRef = 5733AE342A13263B00193A85 /* SwipeDirection.swift */; };
		5733AE442A13268800193A85 /* MenuBottomIndicator.swift in Sources */ = {isa = PBXBuildFile; fileRef = 5733AE372A13268800193A85 /* MenuBottomIndicator.swift */; };
		5733AE452A13268800193A85 /* PagingMenuView.swift in Sources */ = {isa = PBXBuildFile; fileRef = 5733AE382A13268800193A85 /* PagingMenuView.swift */; };
		5733AE462A13268800193A85 /* PagingMenuCell.swift in Sources */ = {isa = PBXBuildFile; fileRef = 5733AE3A2A13268800193A85 /* PagingMenuCell.swift */; };
		5733AE472A13268800193A85 /* PagingMenuUpdatable.swift in Sources */ = {isa = PBXBuildFile; fileRef = 5733AE3B2A13268800193A85 /* PagingMenuUpdatable.swift */; };
		5733AE482A13268800193A85 /* MenuItemProvider.swift in Sources */ = {isa = PBXBuildFile; fileRef = 5733AE3C2A13268800193A85 /* MenuItemProvider.swift */; };
		5733AE492A13268800193A85 /* PagingViewControllerDelegate.swift in Sources */ = {isa = PBXBuildFile; fileRef = 5733AE3D2A13268800193A85 /* PagingViewControllerDelegate.swift */; };
		5733AE4A2A13268800193A85 /* PagingViewControllerDataSource.swift in Sources */ = {isa = PBXBuildFile; fileRef = 5733AE3E2A13268800193A85 /* PagingViewControllerDataSource.swift */; };
		5733AE4B2A13268800193A85 /* PagingMenuSettings.swift in Sources */ = {isa = PBXBuildFile; fileRef = 5733AE402A13268800193A85 /* PagingMenuSettings.swift */; };
		5733AE4C2A13268800193A85 /* MenuItemSize.swift in Sources */ = {isa = PBXBuildFile; fileRef = 5733AE412A13268800193A85 /* MenuItemSize.swift */; };
		5733AE4D2A13268800193A85 /* DefaultMenuItem.swift in Sources */ = {isa = PBXBuildFile; fileRef = 5733AE422A13268800193A85 /* DefaultMenuItem.swift */; };
		5733AE4E2A13268800193A85 /* PagingMenuCollectionViewLayout.swift in Sources */ = {isa = PBXBuildFile; fileRef = 5733AE432A13268800193A85 /* PagingMenuCollectionViewLayout.swift */; };
		5733AE502A13269F00193A85 /* DefaultPagingMenuCell.swift in Sources */ = {isa = PBXBuildFile; fileRef = 5733AE4F2A13269F00193A85 /* DefaultPagingMenuCell.swift */; };
		5733AE532A13275700193A85 /* UIView + Extension.swift in Sources */ = {isa = PBXBuildFile; fileRef = 5733AE522A13275700193A85 /* UIView + Extension.swift */; };
		5733AE582A1328E600193A85 /* BottomControllerProvider.swift in Sources */ = {isa = PBXBuildFile; fileRef = 5733AE542A1328E500193A85 /* BottomControllerProvider.swift */; };
		5733AE592A1328E600193A85 /* PaginationableView.swift in Sources */ = {isa = PBXBuildFile; fileRef = 5733AE552A1328E500193A85 /* PaginationableView.swift */; };
		5733AE5A2A1328E600193A85 /* ContainerScrollViewDatasource.swift in Sources */ = {isa = PBXBuildFile; fileRef = 5733AE562A1328E500193A85 /* ContainerScrollViewDatasource.swift */; };
		5733AE5B2A1328E600193A85 /* ContainerScrollViewController.swift in Sources */ = {isa = PBXBuildFile; fileRef = 5733AE572A1328E600193A85 /* ContainerScrollViewController.swift */; };
		5733AE5D2A13294000193A85 /* BottomControllerProviderDelegate.swift in Sources */ = {isa = PBXBuildFile; fileRef = 5733AE5C2A13294000193A85 /* BottomControllerProviderDelegate.swift */; };
		574039192A16145400A9A2F6 /* ProfileCreateSheetController.swift in Sources */ = {isa = PBXBuildFile; fileRef = 574039182A16145400A9A2F6 /* ProfileCreateSheetController.swift */; };
		574039252A162DC000A9A2F6 /* ProfileEditController.swift in Sources */ = {isa = PBXBuildFile; fileRef = 574039242A162DC000A9A2F6 /* ProfileEditController.swift */; };
		574039292A162E9100A9A2F6 /* ProfileEditCell.swift in Sources */ = {isa = PBXBuildFile; fileRef = 574039282A162E9100A9A2F6 /* ProfileEditCell.swift */; };
		5740392B2A16484200A9A2F6 /* ProfileEditHeader.swift in Sources */ = {isa = PBXBuildFile; fileRef = 5740392A2A16484200A9A2F6 /* ProfileEditHeader.swift */; };
		5740392D2A16701B00A9A2F6 /* ProfileEditDetailController.swift in Sources */ = {isa = PBXBuildFile; fileRef = 5740392C2A16701B00A9A2F6 /* ProfileEditDetailController.swift */; };
		574039322A171AB200A9A2F6 /* CustomNavigationBar.swift in Sources */ = {isa = PBXBuildFile; fileRef = 574039312A171AB200A9A2F6 /* CustomNavigationBar.swift */; };
		574E8FED2A29D9240059DB49 /* CommentInputView.swift in Sources */ = {isa = PBXBuildFile; fileRef = 574E8FEC2A29D9240059DB49 /* CommentInputView.swift */; };
		574E8FEF2A2A10130059DB49 /* CommentViewModel.swift in Sources */ = {isa = PBXBuildFile; fileRef = 574E8FEE2A2A10130059DB49 /* CommentViewModel.swift */; };
		574E8FF12A2B38280059DB49 /* CommentManager.swift in Sources */ = {isa = PBXBuildFile; fileRef = 574E8FF02A2B38280059DB49 /* CommentManager.swift */; };
		574E8FF32A2B47EB0059DB49 /* CommentController + Setup.swift in Sources */ = {isa = PBXBuildFile; fileRef = 574E8FF22A2B47EB0059DB49 /* CommentController + Setup.swift */; };
		5750500A2A03FD47008D2789 /* UserStatLabel.swift in Sources */ = {isa = PBXBuildFile; fileRef = 575050092A03FD47008D2789 /* UserStatLabel.swift */; };
		5750500C2A03FD78008D2789 /* ActionProfileButton.swift in Sources */ = {isa = PBXBuildFile; fileRef = 5750500B2A03FD78008D2789 /* ActionProfileButton.swift */; };
		575C4D5129F7BCC700C9287B /* NewPostViewModel.swift in Sources */ = {isa = PBXBuildFile; fileRef = 575C4D5029F7BCC700C9287B /* NewPostViewModel.swift */; };
		576F57C929EAD014002F2A6E /* LoginViewModel.swift in Sources */ = {isa = PBXBuildFile; fileRef = 576F57C829EAD014002F2A6E /* LoginViewModel.swift */; };
		576F57CF29EAEBBA002F2A6E /* ProgressHUD.swift in Sources */ = {isa = PBXBuildFile; fileRef = 576F57CE29EAEBBA002F2A6E /* ProgressHUD.swift */; };
		576F57D129EAFC4F002F2A6E /* UserManager.swift in Sources */ = {isa = PBXBuildFile; fileRef = 576F57D029EAFC4F002F2A6E /* UserManager.swift */; };
		576F57D729EBB8B5002F2A6E /* TabBarViewModel.swift in Sources */ = {isa = PBXBuildFile; fileRef = 576F57D629EBB8B5002F2A6E /* TabBarViewModel.swift */; };
		578574AD2A258C9100448BF4 /* LikeDetailController + Setup.swift in Sources */ = {isa = PBXBuildFile; fileRef = 578574AC2A258C9100448BF4 /* LikeDetailController + Setup.swift */; };
		578574AF2A258D3000448BF4 /* LikeDetailCell.swift in Sources */ = {isa = PBXBuildFile; fileRef = 578574AE2A258D3000448BF4 /* LikeDetailCell.swift */; };
		578574B12A26D7A400448BF4 /* ProfilePhotoDisplayViewModel.swift in Sources */ = {isa = PBXBuildFile; fileRef = 578574B02A26D7A400448BF4 /* ProfilePhotoDisplayViewModel.swift */; };
		578574B42A27598200448BF4 /* ExploreViewModel.swift in Sources */ = {isa = PBXBuildFile; fileRef = 578574B32A27598200448BF4 /* ExploreViewModel.swift */; };
		579BC7152A2C337200C81D91 /* HomeViewModel.swift in Sources */ = {isa = PBXBuildFile; fileRef = 579BC7142A2C337200C81D91 /* HomeViewModel.swift */; };
		579BC7182A2CF4CA00C81D91 /* ProfileViewModel.swift in Sources */ = {isa = PBXBuildFile; fileRef = 579BC7172A2CF4CA00C81D91 /* ProfileViewModel.swift */; };
		579BC71B2A2D791800C81D91 /* ProfileHeaderViewModel.swift in Sources */ = {isa = PBXBuildFile; fileRef = 579BC71A2A2D791800C81D91 /* ProfileHeaderViewModel.swift */; };
		579BC71D2A2D83DE00C81D91 /* ProfileBottomViewModel.swift in Sources */ = {isa = PBXBuildFile; fileRef = 579BC71C2A2D83DE00C81D91 /* ProfileBottomViewModel.swift */; };
		57AB72942A13309500FB5B09 /* ProfileHeaderController.swift in Sources */ = {isa = PBXBuildFile; fileRef = 57AB72932A13309500FB5B09 /* ProfileHeaderController.swift */; };
		57AB72962A13316900FB5B09 /* ProfileBottomController.swift in Sources */ = {isa = PBXBuildFile; fileRef = 57AB72952A13316900FB5B09 /* ProfileBottomController.swift */; };
		57AB729A2A13443000FB5B09 /* ProfilePhotoDisplayController.swift in Sources */ = {isa = PBXBuildFile; fileRef = 57AB72992A13443000FB5B09 /* ProfilePhotoDisplayController.swift */; };
		57ABFC4829E998FD00FF1BEB /* AppDelegate.swift in Sources */ = {isa = PBXBuildFile; fileRef = 57ABFC4729E998FD00FF1BEB /* AppDelegate.swift */; };
		57ABFC4A29E998FD00FF1BEB /* SceneDelegate.swift in Sources */ = {isa = PBXBuildFile; fileRef = 57ABFC4929E998FD00FF1BEB /* SceneDelegate.swift */; };
		57ABFC5429E998FE00FF1BEB /* LaunchScreen.storyboard in Resources */ = {isa = PBXBuildFile; fileRef = 57ABFC5229E998FE00FF1BEB /* LaunchScreen.storyboard */; };
		57ABFC5C29E99AAA00FF1BEB /* GoogleService-Info.plist in Resources */ = {isa = PBXBuildFile; fileRef = 57ABFC5B29E99AAA00FF1BEB /* GoogleService-Info.plist */; };
		57ABFC5E29E9A53A00FF1BEB /* MainTabBarController.swift in Sources */ = {isa = PBXBuildFile; fileRef = 57ABFC5D29E9A53A00FF1BEB /* MainTabBarController.swift */; };
		57ABFC6329E9A64600FF1BEB /* LogInViewController.swift in Sources */ = {isa = PBXBuildFile; fileRef = 57ABFC6229E9A64600FF1BEB /* LogInViewController.swift */; };
		57ABFC6529E9A65C00FF1BEB /* SignUpViewController.swift in Sources */ = {isa = PBXBuildFile; fileRef = 57ABFC6429E9A65C00FF1BEB /* SignUpViewController.swift */; };
		57ABFC6D29E9A7A900FF1BEB /* HomeController.swift in Sources */ = {isa = PBXBuildFile; fileRef = 57ABFC6C29E9A7A900FF1BEB /* HomeController.swift */; };
		57ABFC6F29E9A7BB00FF1BEB /* ProfileController.swift in Sources */ = {isa = PBXBuildFile; fileRef = 57ABFC6E29E9A7BB00FF1BEB /* ProfileController.swift */; };
		57ABFC7129E9A7C400FF1BEB /* ExploreController.swift in Sources */ = {isa = PBXBuildFile; fileRef = 57ABFC7029E9A7C400FF1BEB /* ExploreController.swift */; };
		57ABFC7529E9AAB500FF1BEB /* Assets.xcassets in Resources */ = {isa = PBXBuildFile; fileRef = 57ABFC7429E9AAB500FF1BEB /* Assets.xcassets */; };
		57ABFC7929E9BDA300FF1BEB /* Extentsion.swift in Sources */ = {isa = PBXBuildFile; fileRef = 57ABFC7829E9BDA300FF1BEB /* Extentsion.swift */; };
		57ABFC8029EA627000FF1BEB /* AuthManager.swift in Sources */ = {isa = PBXBuildFile; fileRef = 57ABFC7F29EA627000FF1BEB /* AuthManager.swift */; };
		57ABFC8329EA647300FF1BEB /* User.swift in Sources */ = {isa = PBXBuildFile; fileRef = 57ABFC8229EA647300FF1BEB /* User.swift */; };
		57ABFC8529EA64EA00FF1BEB /* FirebaseModel.swift in Sources */ = {isa = PBXBuildFile; fileRef = 57ABFC8429EA64EA00FF1BEB /* FirebaseModel.swift */; };
		57ABFC8829EA690D00FF1BEB /* Constants.swift in Sources */ = {isa = PBXBuildFile; fileRef = 57ABFC8729EA690D00FF1BEB /* Constants.swift */; };
		57ABFC8A29EA748400FF1BEB /* StorageManager.swift in Sources */ = {isa = PBXBuildFile; fileRef = 57ABFC8929EA748400FF1BEB /* StorageManager.swift */; };
		57ABFC8C29EA7AB900FF1BEB /* SignUpViewModel.swift in Sources */ = {isa = PBXBuildFile; fileRef = 57ABFC8B29EA7AB900FF1BEB /* SignUpViewModel.swift */; };
		57B4E75829F665E000F5B977 /* PhotoSelectorViewModel.swift in Sources */ = {isa = PBXBuildFile; fileRef = 57B4E75729F665E000F5B977 /* PhotoSelectorViewModel.swift */; };
		57B893102A234D8300128AAB /* Comment.swift in Sources */ = {isa = PBXBuildFile; fileRef = 57B8930F2A234D8300128AAB /* Comment.swift */; };
		57B893142A2350C500128AAB /* CommentCell.swift in Sources */ = {isa = PBXBuildFile; fileRef = 57B893132A2350C500128AAB /* CommentCell.swift */; };
		57B893162A2350DF00128AAB /* CommentHeader.swift in Sources */ = {isa = PBXBuildFile; fileRef = 57B893152A2350DF00128AAB /* CommentHeader.swift */; };
		57B8931A2A23A69000128AAB /* NewPostController + Setup.swift in Sources */ = {isa = PBXBuildFile; fileRef = 57B893192A23A69000128AAB /* NewPostController + Setup.swift */; };
		57B893222A24F40000128AAB /* PostDetailController.swift in Sources */ = {isa = PBXBuildFile; fileRef = 57B893212A24F40000128AAB /* PostDetailController.swift */; };
		57B893242A24F53A00128AAB /* PostDetailCell.swift in Sources */ = {isa = PBXBuildFile; fileRef = 57B893232A24F53A00128AAB /* PostDetailCell.swift */; };
		57B893272A250F3600128AAB /* LikeDetailController.swift in Sources */ = {isa = PBXBuildFile; fileRef = 57B893262A250F3600128AAB /* LikeDetailController.swift */; };
		57C817722A1B80CC0000445F /* ProfileHeaderController + Setup.swift in Sources */ = {isa = PBXBuildFile; fileRef = 57C817712A1B80CC0000445F /* ProfileHeaderController + Setup.swift */; };
		57C817792A1B9E800000445F /* ProfileEditController + Delegate.swift in Sources */ = {isa = PBXBuildFile; fileRef = 57C817782A1B9E800000445F /* ProfileEditController + Delegate.swift */; };
		57C8177B2A1C5D1E0000445F /* AttributedButton.swift in Sources */ = {isa = PBXBuildFile; fileRef = 57C8177A2A1C5D1E0000445F /* AttributedButton.swift */; };
		57C8177E2A1DAC6D0000445F /* ImageCompressor.swift in Sources */ = {isa = PBXBuildFile; fileRef = 57C8177D2A1DAC6D0000445F /* ImageCompressor.swift */; };
		57CA5F792A188AB4001D1E4A /* UINavigationController + Extension.swift in Sources */ = {isa = PBXBuildFile; fileRef = 57CA5F782A188AB4001D1E4A /* UINavigationController + Extension.swift */; };
		57CA5F7D2A193334001D1E4A /* BottomSheetSettings.swift in Sources */ = {isa = PBXBuildFile; fileRef = 57CA5F7C2A193334001D1E4A /* BottomSheetSettings.swift */; };
		57CA5F812A1A0A88001D1E4A /* ProfileSettingsSheetController.swift in Sources */ = {isa = PBXBuildFile; fileRef = 57CA5F802A1A0A88001D1E4A /* ProfileSettingsSheetController.swift */; };
		57CA5F832A1A1534001D1E4A /* BottomSheetController.swift in Sources */ = {isa = PBXBuildFile; fileRef = 57CA5F822A1A1534001D1E4A /* BottomSheetController.swift */; };
		57CA5F882A1A7398001D1E4A /* ProfileConfigurationCell.swift in Sources */ = {isa = PBXBuildFile; fileRef = 57CA5F872A1A7398001D1E4A /* ProfileConfigurationCell.swift */; };
		57CA5F8A2A1AFE88001D1E4A /* ProfileEditAvatarSheetController.swift in Sources */ = {isa = PBXBuildFile; fileRef = 57CA5F892A1AFE88001D1E4A /* ProfileEditAvatarSheetController.swift */; };
		57CA5F8C2A1B112C001D1E4A /* ProfileEditController + Setup.swift in Sources */ = {isa = PBXBuildFile; fileRef = 57CA5F8B2A1B112C001D1E4A /* ProfileEditController + Setup.swift */; };
		57CA5F8E2A1B1E66001D1E4A /* BottomSheetViewController.swift in Sources */ = {isa = PBXBuildFile; fileRef = 57CA5F8D2A1B1E66001D1E4A /* BottomSheetViewController.swift */; };
		57DE12582A13962800FDF302 /* String + Extension.swift in Sources */ = {isa = PBXBuildFile; fileRef = 57DE12572A13962800FDF302 /* String + Extension.swift */; };
		57DE125A2A13965900FDF302 /* PHAsset + Extenstion.swift in Sources */ = {isa = PBXBuildFile; fileRef = 57DE12592A13965900FDF302 /* PHAsset + Extenstion.swift */; };
		57DE12642A13E62B00FDF302 /* HomeController + Setup.swift in Sources */ = {isa = PBXBuildFile; fileRef = 57DE12632A13E62B00FDF302 /* HomeController + Setup.swift */; };
		57DE12662A147F2A00FDF302 /* UIImage + Extenstion.swift in Sources */ = {isa = PBXBuildFile; fileRef = 57DE12652A147F2A00FDF302 /* UIImage + Extenstion.swift */; };
		57DE126B2A14D84800FDF302 /* HomeStoryCell.swift in Sources */ = {isa = PBXBuildFile; fileRef = 57DE126A2A14D84800FDF302 /* HomeStoryCell.swift */; };
		57DE126D2A14D8A500FDF302 /* HomePostCell.swift in Sources */ = {isa = PBXBuildFile; fileRef = 57DE126C2A14D8A500FDF302 /* HomePostCell.swift */; };
		57ED8BE629EEEFB400E5AD93 /* PhotoSelectorCell.swift in Sources */ = {isa = PBXBuildFile; fileRef = 57ED8BE529EEEFB400E5AD93 /* PhotoSelectorCell.swift */; };
		57F6AC5F29EEA8FC003F1BA9 /* PlaceholderTextView.swift in Sources */ = {isa = PBXBuildFile; fileRef = 57F6AC5E29EEA8FC003F1BA9 /* PlaceholderTextView.swift */; };
		57F6AC6229EEAD33003F1BA9 /* PhotoSelectorController.swift in Sources */ = {isa = PBXBuildFile; fileRef = 57F6AC6129EEAD33003F1BA9 /* PhotoSelectorController.swift */; };
/* End PBXBuildFile section */

/* Begin PBXFileReference section */
		48C82344D17EAD6A024C44E7 /* Pods-InstagramClone.debug.xcconfig */ = {isa = PBXFileReference; includeInIndex = 1; lastKnownFileType = text.xcconfig; name = "Pods-InstagramClone.debug.xcconfig"; path = "Target Support Files/Pods-InstagramClone/Pods-InstagramClone.debug.xcconfig"; sourceTree = "<group>"; };
		5701430A2A30C8F900F1B8D5 /* PostDetailCellViewModel.swift */ = {isa = PBXFileReference; lastKnownFileType = sourcecode.swift; path = PostDetailCellViewModel.swift; sourceTree = "<group>"; };
		5701430C2A317D0400F1B8D5 /* HomePostCellViewModel.swift */ = {isa = PBXFileReference; lastKnownFileType = sourcecode.swift; path = HomePostCellViewModel.swift; sourceTree = "<group>"; };
		5718EAF42A05E73C00C44428 /* PhotoCollectionViewCell.swift */ = {isa = PBXFileReference; lastKnownFileType = sourcecode.swift; path = PhotoCollectionViewCell.swift; sourceTree = "<group>"; };
		5718EAF62A05EC9000C44428 /* ProfileStoryCell.swift */ = {isa = PBXFileReference; lastKnownFileType = sourcecode.swift; path = ProfileStoryCell.swift; sourceTree = "<group>"; };
		571C48342A28378E009EECE0 /* LoadingIndicatorFooterView.swift */ = {isa = PBXFileReference; lastKnownFileType = sourcecode.swift; path = LoadingIndicatorFooterView.swift; sourceTree = "<group>"; };
		571C48362A28590D009EECE0 /* ExploreController + Setup.swift */ = {isa = PBXFileReference; lastKnownFileType = sourcecode.swift; path = "ExploreController + Setup.swift"; sourceTree = "<group>"; };
		571C483A2A28FB44009EECE0 /* FollowersDetailController.swift */ = {isa = PBXFileReference; lastKnownFileType = sourcecode.swift; path = FollowersDetailController.swift; sourceTree = "<group>"; };
		571C483C2A28FB59009EECE0 /* FollowingDetailController.swift */ = {isa = PBXFileReference; lastKnownFileType = sourcecode.swift; path = FollowingDetailController.swift; sourceTree = "<group>"; };
		571C48422A2902A8009EECE0 /* FollowersDetailCell.swift */ = {isa = PBXFileReference; fileEncoding = 4; lastKnownFileType = sourcecode.swift; path = FollowersDetailCell.swift; sourceTree = "<group>"; };
		571C48442A2902AE009EECE0 /* FollowingDetailCell.swift */ = {isa = PBXFileReference; fileEncoding = 4; lastKnownFileType = sourcecode.swift; path = FollowingDetailCell.swift; sourceTree = "<group>"; };
		571C48462A299F67009EECE0 /* FollowingDetailController + Setup.swift */ = {isa = PBXFileReference; lastKnownFileType = sourcecode.swift; path = "FollowingDetailController + Setup.swift"; sourceTree = "<group>"; };
		571C48482A299F7D009EECE0 /* FollowersDetailController + Setup.swift */ = {isa = PBXFileReference; lastKnownFileType = sourcecode.swift; path = "FollowersDetailController + Setup.swift"; sourceTree = "<group>"; };
		571C484A2A29B278009EECE0 /* CommentController.swift */ = {isa = PBXFileReference; lastKnownFileType = sourcecode.swift; path = CommentController.swift; sourceTree = "<group>"; };
		5720688429F433D500FB133B /* PhotoSelectorHeader.swift */ = {isa = PBXFileReference; lastKnownFileType = sourcecode.swift; path = PhotoSelectorHeader.swift; sourceTree = "<group>"; };
		572388CF29F76DF900B5936D /* PostManager.swift */ = {isa = PBXFileReference; lastKnownFileType = sourcecode.swift; path = PostManager.swift; sourceTree = "<group>"; };
		572388D129F771C700B5936D /* Post.swift */ = {isa = PBXFileReference; lastKnownFileType = sourcecode.swift; path = Post.swift; sourceTree = "<group>"; };
		5725FD2029F4C75000D5A600 /* NewPostController.swift */ = {isa = PBXFileReference; lastKnownFileType = sourcecode.swift; path = NewPostController.swift; sourceTree = "<group>"; };
		5725FD2229F4E40A00D5A600 /* PhotoSelectorController + Setup.swift */ = {isa = PBXFileReference; lastKnownFileType = sourcecode.swift; path = "PhotoSelectorController + Setup.swift"; sourceTree = "<group>"; };
		57276EA72A1F232200BEFA37 /* UserSearchView.swift */ = {isa = PBXFileReference; lastKnownFileType = sourcecode.swift; path = UserSearchView.swift; sourceTree = "<group>"; };
		57276EAA2A1F640200BEFA37 /* SearchUserTableViewCell.swift */ = {isa = PBXFileReference; lastKnownFileType = sourcecode.swift; path = SearchUserTableViewCell.swift; sourceTree = "<group>"; };
		5733AE2D2A1325A100193A85 /* PagingViewController + Setup.swift */ = {isa = PBXFileReference; fileEncoding = 4; lastKnownFileType = sourcecode.swift; path = "PagingViewController + Setup.swift"; sourceTree = "<group>"; };
		5733AE2E2A1325A100193A85 /* PagingViewController.swift */ = {isa = PBXFileReference; fileEncoding = 4; lastKnownFileType = sourcecode.swift; path = PagingViewController.swift; sourceTree = "<group>"; };
		5733AE312A1325E200193A85 /* UIViewController + Extension.swift */ = {isa = PBXFileReference; lastKnownFileType = sourcecode.swift; path = "UIViewController + Extension.swift"; sourceTree = "<group>"; };
		5733AE342A13263B00193A85 /* SwipeDirection.swift */ = {isa = PBXFileReference; fileEncoding = 4; lastKnownFileType = sourcecode.swift; path = SwipeDirection.swift; sourceTree = "<group>"; };
		5733AE372A13268800193A85 /* MenuBottomIndicator.swift */ = {isa = PBXFileReference; fileEncoding = 4; lastKnownFileType = sourcecode.swift; path = MenuBottomIndicator.swift; sourceTree = "<group>"; };
		5733AE382A13268800193A85 /* PagingMenuView.swift */ = {isa = PBXFileReference; fileEncoding = 4; lastKnownFileType = sourcecode.swift; path = PagingMenuView.swift; sourceTree = "<group>"; };
		5733AE3A2A13268800193A85 /* PagingMenuCell.swift */ = {isa = PBXFileReference; fileEncoding = 4; lastKnownFileType = sourcecode.swift; path = PagingMenuCell.swift; sourceTree = "<group>"; };
		5733AE3B2A13268800193A85 /* PagingMenuUpdatable.swift */ = {isa = PBXFileReference; fileEncoding = 4; lastKnownFileType = sourcecode.swift; path = PagingMenuUpdatable.swift; sourceTree = "<group>"; };
		5733AE3C2A13268800193A85 /* MenuItemProvider.swift */ = {isa = PBXFileReference; fileEncoding = 4; lastKnownFileType = sourcecode.swift; path = MenuItemProvider.swift; sourceTree = "<group>"; };
		5733AE3D2A13268800193A85 /* PagingViewControllerDelegate.swift */ = {isa = PBXFileReference; fileEncoding = 4; lastKnownFileType = sourcecode.swift; path = PagingViewControllerDelegate.swift; sourceTree = "<group>"; };
		5733AE3E2A13268800193A85 /* PagingViewControllerDataSource.swift */ = {isa = PBXFileReference; fileEncoding = 4; lastKnownFileType = sourcecode.swift; path = PagingViewControllerDataSource.swift; sourceTree = "<group>"; };
		5733AE402A13268800193A85 /* PagingMenuSettings.swift */ = {isa = PBXFileReference; fileEncoding = 4; lastKnownFileType = sourcecode.swift; path = PagingMenuSettings.swift; sourceTree = "<group>"; };
		5733AE412A13268800193A85 /* MenuItemSize.swift */ = {isa = PBXFileReference; fileEncoding = 4; lastKnownFileType = sourcecode.swift; path = MenuItemSize.swift; sourceTree = "<group>"; };
		5733AE422A13268800193A85 /* DefaultMenuItem.swift */ = {isa = PBXFileReference; fileEncoding = 4; lastKnownFileType = sourcecode.swift; path = DefaultMenuItem.swift; sourceTree = "<group>"; };
		5733AE432A13268800193A85 /* PagingMenuCollectionViewLayout.swift */ = {isa = PBXFileReference; fileEncoding = 4; lastKnownFileType = sourcecode.swift; path = PagingMenuCollectionViewLayout.swift; sourceTree = "<group>"; };
		5733AE4F2A13269F00193A85 /* DefaultPagingMenuCell.swift */ = {isa = PBXFileReference; fileEncoding = 4; lastKnownFileType = sourcecode.swift; path = DefaultPagingMenuCell.swift; sourceTree = "<group>"; };
		5733AE522A13275700193A85 /* UIView + Extension.swift */ = {isa = PBXFileReference; lastKnownFileType = sourcecode.swift; path = "UIView + Extension.swift"; sourceTree = "<group>"; };
		5733AE542A1328E500193A85 /* BottomControllerProvider.swift */ = {isa = PBXFileReference; fileEncoding = 4; lastKnownFileType = sourcecode.swift; path = BottomControllerProvider.swift; sourceTree = "<group>"; };
		5733AE552A1328E500193A85 /* PaginationableView.swift */ = {isa = PBXFileReference; fileEncoding = 4; lastKnownFileType = sourcecode.swift; path = PaginationableView.swift; sourceTree = "<group>"; };
		5733AE562A1328E500193A85 /* ContainerScrollViewDatasource.swift */ = {isa = PBXFileReference; fileEncoding = 4; lastKnownFileType = sourcecode.swift; path = ContainerScrollViewDatasource.swift; sourceTree = "<group>"; };
		5733AE572A1328E600193A85 /* ContainerScrollViewController.swift */ = {isa = PBXFileReference; fileEncoding = 4; lastKnownFileType = sourcecode.swift; path = ContainerScrollViewController.swift; sourceTree = "<group>"; };
		5733AE5C2A13294000193A85 /* BottomControllerProviderDelegate.swift */ = {isa = PBXFileReference; lastKnownFileType = sourcecode.swift; path = BottomControllerProviderDelegate.swift; sourceTree = "<group>"; };
		574039182A16145400A9A2F6 /* ProfileCreateSheetController.swift */ = {isa = PBXFileReference; lastKnownFileType = sourcecode.swift; path = ProfileCreateSheetController.swift; sourceTree = "<group>"; };
		574039242A162DC000A9A2F6 /* ProfileEditController.swift */ = {isa = PBXFileReference; indentWidth = 4; lastKnownFileType = sourcecode.swift; path = ProfileEditController.swift; sourceTree = "<group>"; tabWidth = 4; };
		574039282A162E9100A9A2F6 /* ProfileEditCell.swift */ = {isa = PBXFileReference; lastKnownFileType = sourcecode.swift; path = ProfileEditCell.swift; sourceTree = "<group>"; };
		5740392A2A16484200A9A2F6 /* ProfileEditHeader.swift */ = {isa = PBXFileReference; lastKnownFileType = sourcecode.swift; path = ProfileEditHeader.swift; sourceTree = "<group>"; };
		5740392C2A16701B00A9A2F6 /* ProfileEditDetailController.swift */ = {isa = PBXFileReference; lastKnownFileType = sourcecode.swift; path = ProfileEditDetailController.swift; sourceTree = "<group>"; };
		574039312A171AB200A9A2F6 /* CustomNavigationBar.swift */ = {isa = PBXFileReference; lastKnownFileType = sourcecode.swift; path = CustomNavigationBar.swift; sourceTree = "<group>"; };
		574E8FEC2A29D9240059DB49 /* CommentInputView.swift */ = {isa = PBXFileReference; lastKnownFileType = sourcecode.swift; path = CommentInputView.swift; sourceTree = "<group>"; };
		574E8FEE2A2A10130059DB49 /* CommentViewModel.swift */ = {isa = PBXFileReference; lastKnownFileType = sourcecode.swift; path = CommentViewModel.swift; sourceTree = "<group>"; };
		574E8FF02A2B38280059DB49 /* CommentManager.swift */ = {isa = PBXFileReference; lastKnownFileType = sourcecode.swift; path = CommentManager.swift; sourceTree = "<group>"; };
		574E8FF22A2B47EB0059DB49 /* CommentController + Setup.swift */ = {isa = PBXFileReference; lastKnownFileType = sourcecode.swift; path = "CommentController + Setup.swift"; sourceTree = "<group>"; };
		575050092A03FD47008D2789 /* UserStatLabel.swift */ = {isa = PBXFileReference; lastKnownFileType = sourcecode.swift; path = UserStatLabel.swift; sourceTree = "<group>"; };
		5750500B2A03FD78008D2789 /* ActionProfileButton.swift */ = {isa = PBXFileReference; lastKnownFileType = sourcecode.swift; path = ActionProfileButton.swift; sourceTree = "<group>"; };
		575C4D5029F7BCC700C9287B /* NewPostViewModel.swift */ = {isa = PBXFileReference; lastKnownFileType = sourcecode.swift; path = NewPostViewModel.swift; sourceTree = "<group>"; };
		576F57C829EAD014002F2A6E /* LoginViewModel.swift */ = {isa = PBXFileReference; lastKnownFileType = sourcecode.swift; path = LoginViewModel.swift; sourceTree = "<group>"; };
		576F57CE29EAEBBA002F2A6E /* ProgressHUD.swift */ = {isa = PBXFileReference; lastKnownFileType = sourcecode.swift; path = ProgressHUD.swift; sourceTree = "<group>"; };
		576F57D029EAFC4F002F2A6E /* UserManager.swift */ = {isa = PBXFileReference; lastKnownFileType = sourcecode.swift; path = UserManager.swift; sourceTree = "<group>"; };
		576F57D629EBB8B5002F2A6E /* TabBarViewModel.swift */ = {isa = PBXFileReference; lastKnownFileType = sourcecode.swift; path = TabBarViewModel.swift; sourceTree = "<group>"; };
		578574AC2A258C9100448BF4 /* LikeDetailController + Setup.swift */ = {isa = PBXFileReference; lastKnownFileType = sourcecode.swift; path = "LikeDetailController + Setup.swift"; sourceTree = "<group>"; };
		578574AE2A258D3000448BF4 /* LikeDetailCell.swift */ = {isa = PBXFileReference; lastKnownFileType = sourcecode.swift; path = LikeDetailCell.swift; sourceTree = "<group>"; };
		578574B02A26D7A400448BF4 /* ProfilePhotoDisplayViewModel.swift */ = {isa = PBXFileReference; lastKnownFileType = sourcecode.swift; path = ProfilePhotoDisplayViewModel.swift; sourceTree = "<group>"; };
		578574B32A27598200448BF4 /* ExploreViewModel.swift */ = {isa = PBXFileReference; lastKnownFileType = sourcecode.swift; path = ExploreViewModel.swift; sourceTree = "<group>"; };
		579BC7142A2C337200C81D91 /* HomeViewModel.swift */ = {isa = PBXFileReference; lastKnownFileType = sourcecode.swift; path = HomeViewModel.swift; sourceTree = "<group>"; };
		579BC7172A2CF4CA00C81D91 /* ProfileViewModel.swift */ = {isa = PBXFileReference; lastKnownFileType = sourcecode.swift; path = ProfileViewModel.swift; sourceTree = "<group>"; };
		579BC71A2A2D791800C81D91 /* ProfileHeaderViewModel.swift */ = {isa = PBXFileReference; lastKnownFileType = sourcecode.swift; path = ProfileHeaderViewModel.swift; sourceTree = "<group>"; };
		579BC71C2A2D83DE00C81D91 /* ProfileBottomViewModel.swift */ = {isa = PBXFileReference; lastKnownFileType = sourcecode.swift; path = ProfileBottomViewModel.swift; sourceTree = "<group>"; };
		57AB72932A13309500FB5B09 /* ProfileHeaderController.swift */ = {isa = PBXFileReference; lastKnownFileType = sourcecode.swift; path = ProfileHeaderController.swift; sourceTree = "<group>"; };
		57AB72952A13316900FB5B09 /* ProfileBottomController.swift */ = {isa = PBXFileReference; lastKnownFileType = sourcecode.swift; path = ProfileBottomController.swift; sourceTree = "<group>"; };
		57AB72992A13443000FB5B09 /* ProfilePhotoDisplayController.swift */ = {isa = PBXFileReference; lastKnownFileType = sourcecode.swift; path = ProfilePhotoDisplayController.swift; sourceTree = "<group>"; };
		57ABFC4429E998FD00FF1BEB /* InstagramClone.app */ = {isa = PBXFileReference; explicitFileType = wrapper.application; includeInIndex = 0; path = InstagramClone.app; sourceTree = BUILT_PRODUCTS_DIR; };
		57ABFC4729E998FD00FF1BEB /* AppDelegate.swift */ = {isa = PBXFileReference; lastKnownFileType = sourcecode.swift; path = AppDelegate.swift; sourceTree = "<group>"; };
		57ABFC4929E998FD00FF1BEB /* SceneDelegate.swift */ = {isa = PBXFileReference; lastKnownFileType = sourcecode.swift; path = SceneDelegate.swift; sourceTree = "<group>"; };
		57ABFC5329E998FE00FF1BEB /* Base */ = {isa = PBXFileReference; lastKnownFileType = file.storyboard; name = Base; path = Base.lproj/LaunchScreen.storyboard; sourceTree = "<group>"; };
		57ABFC5529E998FE00FF1BEB /* Info.plist */ = {isa = PBXFileReference; lastKnownFileType = text.plist.xml; path = Info.plist; sourceTree = "<group>"; };
		57ABFC5B29E99AAA00FF1BEB /* GoogleService-Info.plist */ = {isa = PBXFileReference; fileEncoding = 4; lastKnownFileType = text.plist.xml; path = "GoogleService-Info.plist"; sourceTree = "<group>"; };
		57ABFC5D29E9A53A00FF1BEB /* MainTabBarController.swift */ = {isa = PBXFileReference; indentWidth = 4; lastKnownFileType = sourcecode.swift; path = MainTabBarController.swift; sourceTree = "<group>"; tabWidth = 4; };
		57ABFC6229E9A64600FF1BEB /* LogInViewController.swift */ = {isa = PBXFileReference; lastKnownFileType = sourcecode.swift; path = LogInViewController.swift; sourceTree = "<group>"; };
		57ABFC6429E9A65C00FF1BEB /* SignUpViewController.swift */ = {isa = PBXFileReference; lastKnownFileType = sourcecode.swift; path = SignUpViewController.swift; sourceTree = "<group>"; };
		57ABFC6C29E9A7A900FF1BEB /* HomeController.swift */ = {isa = PBXFileReference; lastKnownFileType = sourcecode.swift; path = HomeController.swift; sourceTree = "<group>"; };
		57ABFC6E29E9A7BB00FF1BEB /* ProfileController.swift */ = {isa = PBXFileReference; lastKnownFileType = sourcecode.swift; path = ProfileController.swift; sourceTree = "<group>"; };
		57ABFC7029E9A7C400FF1BEB /* ExploreController.swift */ = {isa = PBXFileReference; lastKnownFileType = sourcecode.swift; path = ExploreController.swift; sourceTree = "<group>"; };
		57ABFC7429E9AAB500FF1BEB /* Assets.xcassets */ = {isa = PBXFileReference; lastKnownFileType = folder.assetcatalog; path = Assets.xcassets; sourceTree = "<group>"; };
		57ABFC7829E9BDA300FF1BEB /* Extentsion.swift */ = {isa = PBXFileReference; lastKnownFileType = sourcecode.swift; path = Extentsion.swift; sourceTree = "<group>"; };
		57ABFC7F29EA627000FF1BEB /* AuthManager.swift */ = {isa = PBXFileReference; lastKnownFileType = sourcecode.swift; path = AuthManager.swift; sourceTree = "<group>"; };
		57ABFC8229EA647300FF1BEB /* User.swift */ = {isa = PBXFileReference; lastKnownFileType = sourcecode.swift; path = User.swift; sourceTree = "<group>"; };
		57ABFC8429EA64EA00FF1BEB /* FirebaseModel.swift */ = {isa = PBXFileReference; lastKnownFileType = sourcecode.swift; path = FirebaseModel.swift; sourceTree = "<group>"; };
		57ABFC8729EA690D00FF1BEB /* Constants.swift */ = {isa = PBXFileReference; lastKnownFileType = sourcecode.swift; path = Constants.swift; sourceTree = "<group>"; };
		57ABFC8929EA748400FF1BEB /* StorageManager.swift */ = {isa = PBXFileReference; lastKnownFileType = sourcecode.swift; path = StorageManager.swift; sourceTree = "<group>"; };
		57ABFC8B29EA7AB900FF1BEB /* SignUpViewModel.swift */ = {isa = PBXFileReference; lastKnownFileType = sourcecode.swift; path = SignUpViewModel.swift; sourceTree = "<group>"; };
		57B4E75729F665E000F5B977 /* PhotoSelectorViewModel.swift */ = {isa = PBXFileReference; lastKnownFileType = sourcecode.swift; path = PhotoSelectorViewModel.swift; sourceTree = "<group>"; };
		57B8930F2A234D8300128AAB /* Comment.swift */ = {isa = PBXFileReference; lastKnownFileType = sourcecode.swift; path = Comment.swift; sourceTree = "<group>"; };
		57B893132A2350C500128AAB /* CommentCell.swift */ = {isa = PBXFileReference; lastKnownFileType = sourcecode.swift; path = CommentCell.swift; sourceTree = "<group>"; };
		57B893152A2350DF00128AAB /* CommentHeader.swift */ = {isa = PBXFileReference; lastKnownFileType = sourcecode.swift; path = CommentHeader.swift; sourceTree = "<group>"; };
		57B893192A23A69000128AAB /* NewPostController + Setup.swift */ = {isa = PBXFileReference; lastKnownFileType = sourcecode.swift; path = "NewPostController + Setup.swift"; sourceTree = "<group>"; };
		57B893212A24F40000128AAB /* PostDetailController.swift */ = {isa = PBXFileReference; lastKnownFileType = sourcecode.swift; path = PostDetailController.swift; sourceTree = "<group>"; };
		57B893232A24F53A00128AAB /* PostDetailCell.swift */ = {isa = PBXFileReference; lastKnownFileType = sourcecode.swift; path = PostDetailCell.swift; sourceTree = "<group>"; };
		57B893262A250F3600128AAB /* LikeDetailController.swift */ = {isa = PBXFileReference; lastKnownFileType = sourcecode.swift; path = LikeDetailController.swift; sourceTree = "<group>"; };
		57C817712A1B80CC0000445F /* ProfileHeaderController + Setup.swift */ = {isa = PBXFileReference; lastKnownFileType = sourcecode.swift; path = "ProfileHeaderController + Setup.swift"; sourceTree = "<group>"; };
		57C817782A1B9E800000445F /* ProfileEditController + Delegate.swift */ = {isa = PBXFileReference; lastKnownFileType = sourcecode.swift; path = "ProfileEditController + Delegate.swift"; sourceTree = "<group>"; };
		57C8177A2A1C5D1E0000445F /* AttributedButton.swift */ = {isa = PBXFileReference; lastKnownFileType = sourcecode.swift; path = AttributedButton.swift; sourceTree = "<group>"; };
		57C8177D2A1DAC6D0000445F /* ImageCompressor.swift */ = {isa = PBXFileReference; lastKnownFileType = sourcecode.swift; path = ImageCompressor.swift; sourceTree = "<group>"; };
		57CA5F782A188AB4001D1E4A /* UINavigationController + Extension.swift */ = {isa = PBXFileReference; lastKnownFileType = sourcecode.swift; path = "UINavigationController + Extension.swift"; sourceTree = "<group>"; };
		57CA5F7C2A193334001D1E4A /* BottomSheetSettings.swift */ = {isa = PBXFileReference; lastKnownFileType = sourcecode.swift; path = BottomSheetSettings.swift; sourceTree = "<group>"; };
		57CA5F802A1A0A88001D1E4A /* ProfileSettingsSheetController.swift */ = {isa = PBXFileReference; lastKnownFileType = sourcecode.swift; path = ProfileSettingsSheetController.swift; sourceTree = "<group>"; };
		57CA5F822A1A1534001D1E4A /* BottomSheetController.swift */ = {isa = PBXFileReference; lastKnownFileType = sourcecode.swift; path = BottomSheetController.swift; sourceTree = "<group>"; };
		57CA5F872A1A7398001D1E4A /* ProfileConfigurationCell.swift */ = {isa = PBXFileReference; lastKnownFileType = sourcecode.swift; path = ProfileConfigurationCell.swift; sourceTree = "<group>"; };
		57CA5F892A1AFE88001D1E4A /* ProfileEditAvatarSheetController.swift */ = {isa = PBXFileReference; lastKnownFileType = sourcecode.swift; path = ProfileEditAvatarSheetController.swift; sourceTree = "<group>"; };
		57CA5F8B2A1B112C001D1E4A /* ProfileEditController + Setup.swift */ = {isa = PBXFileReference; lastKnownFileType = sourcecode.swift; path = "ProfileEditController + Setup.swift"; sourceTree = "<group>"; };
		57CA5F8D2A1B1E66001D1E4A /* BottomSheetViewController.swift */ = {isa = PBXFileReference; lastKnownFileType = sourcecode.swift; path = BottomSheetViewController.swift; sourceTree = "<group>"; };
		57DE12572A13962800FDF302 /* String + Extension.swift */ = {isa = PBXFileReference; lastKnownFileType = sourcecode.swift; path = "String + Extension.swift"; sourceTree = "<group>"; };
		57DE12592A13965900FDF302 /* PHAsset + Extenstion.swift */ = {isa = PBXFileReference; lastKnownFileType = sourcecode.swift; path = "PHAsset + Extenstion.swift"; sourceTree = "<group>"; };
		57DE12632A13E62B00FDF302 /* HomeController + Setup.swift */ = {isa = PBXFileReference; lastKnownFileType = sourcecode.swift; path = "HomeController + Setup.swift"; sourceTree = "<group>"; };
		57DE12652A147F2A00FDF302 /* UIImage + Extenstion.swift */ = {isa = PBXFileReference; lastKnownFileType = sourcecode.swift; path = "UIImage + Extenstion.swift"; sourceTree = "<group>"; };
		57DE126A2A14D84800FDF302 /* HomeStoryCell.swift */ = {isa = PBXFileReference; lastKnownFileType = sourcecode.swift; path = HomeStoryCell.swift; sourceTree = "<group>"; };
		57DE126C2A14D8A500FDF302 /* HomePostCell.swift */ = {isa = PBXFileReference; lastKnownFileType = sourcecode.swift; path = HomePostCell.swift; sourceTree = "<group>"; };
		57ED8BE529EEEFB400E5AD93 /* PhotoSelectorCell.swift */ = {isa = PBXFileReference; lastKnownFileType = sourcecode.swift; path = PhotoSelectorCell.swift; sourceTree = "<group>"; };
		57F6AC5E29EEA8FC003F1BA9 /* PlaceholderTextView.swift */ = {isa = PBXFileReference; lastKnownFileType = sourcecode.swift; path = PlaceholderTextView.swift; sourceTree = "<group>"; };
		57F6AC6129EEAD33003F1BA9 /* PhotoSelectorController.swift */ = {isa = PBXFileReference; lastKnownFileType = sourcecode.swift; path = PhotoSelectorController.swift; sourceTree = "<group>"; };
		93C2667D5D8E9DDDE5CBCC9E /* Pods_InstagramClone.framework */ = {isa = PBXFileReference; explicitFileType = wrapper.framework; includeInIndex = 0; path = Pods_InstagramClone.framework; sourceTree = BUILT_PRODUCTS_DIR; };
		ECEC73533383A4AE055852A1 /* Pods-InstagramClone.release.xcconfig */ = {isa = PBXFileReference; includeInIndex = 1; lastKnownFileType = text.xcconfig; name = "Pods-InstagramClone.release.xcconfig"; path = "Target Support Files/Pods-InstagramClone/Pods-InstagramClone.release.xcconfig"; sourceTree = "<group>"; };
/* End PBXFileReference section */

/* Begin PBXFrameworksBuildPhase section */
		57ABFC4129E998FD00FF1BEB /* Frameworks */ = {
			isa = PBXFrameworksBuildPhase;
			buildActionMask = 2147483647;
			files = (
				5386F2742F5FE4D9BD67E437 /* Pods_InstagramClone.framework in Frameworks */,
			);
			runOnlyForDeploymentPostprocessing = 0;
		};
/* End PBXFrameworksBuildPhase section */

/* Begin PBXGroup section */
		1CECADCE13DAD4E88478DAFF /* Pods */ = {
			isa = PBXGroup;
			children = (
				48C82344D17EAD6A024C44E7 /* Pods-InstagramClone.debug.xcconfig */,
				ECEC73533383A4AE055852A1 /* Pods-InstagramClone.release.xcconfig */,
			);
			path = Pods;
			sourceTree = "<group>";
		};
		571C48382A28F5CE009EECE0 /* Following Detail */ = {
			isa = PBXGroup;
			children = (
				571C48442A2902AE009EECE0 /* FollowingDetailCell.swift */,
				571C483C2A28FB59009EECE0 /* FollowingDetailController.swift */,
				571C48462A299F67009EECE0 /* FollowingDetailController + Setup.swift */,
			);
			path = "Following Detail";
			sourceTree = "<group>";
		};
		571C48392A28F5D6009EECE0 /* Follower Detail */ = {
			isa = PBXGroup;
			children = (
				571C48422A2902A8009EECE0 /* FollowersDetailCell.swift */,
				571C483A2A28FB44009EECE0 /* FollowersDetailController.swift */,
				571C48482A299F7D009EECE0 /* FollowersDetailController + Setup.swift */,
			);
			path = "Follower Detail";
			sourceTree = "<group>";
		};
		57276EA62A1F230500BEFA37 /* View */ = {
			isa = PBXGroup;
			children = (
				57276EA72A1F232200BEFA37 /* UserSearchView.swift */,
				57276EAA2A1F640200BEFA37 /* SearchUserTableViewCell.swift */,
			);
			path = View;
			sourceTree = "<group>";
		};
		57276EA92A1F61EB00BEFA37 /* Controller */ = {
			isa = PBXGroup;
			children = (
				57ABFC7029E9A7C400FF1BEB /* ExploreController.swift */,
				571C48362A28590D009EECE0 /* ExploreController + Setup.swift */,
			);
			path = Controller;
			sourceTree = "<group>";
		};
		5733AE292A1324E000193A85 /* Utilities */ = {
			isa = PBXGroup;
			children = (
				57ABFC7A29EA505B00FF1BEB /* CommonView */,
				57C8177C2A1DAC580000445F /* ImageCompressor */,
				57CA5F752A17C884001D1E4A /* BottomSheetController */,
				574039302A171A9400A9A2F6 /* CustomNavigationBar */,
				5733AE2A2A13250000193A85 /* PagingViewController */,
				5733AE512A1326D200193A85 /* ContainerScrollViewController */,
			);
			path = Utilities;
			sourceTree = "<group>";
		};
		5733AE2A2A13250000193A85 /* PagingViewController */ = {
			isa = PBXGroup;
			children = (
				5733AE392A13268800193A85 /* Protocol */,
				5733AE3F2A13268800193A85 /* Struct */,
				5733AE362A13268800193A85 /* View */,
				5733AE332A13263B00193A85 /* Enum */,
				5733AE2B2A13251000193A85 /* Class */,
			);
			path = PagingViewController;
			sourceTree = "<group>";
		};
		5733AE2B2A13251000193A85 /* Class */ = {
			isa = PBXGroup;
			children = (
				5733AE2E2A1325A100193A85 /* PagingViewController.swift */,
				5733AE2D2A1325A100193A85 /* PagingViewController + Setup.swift */,
			);
			path = Class;
			sourceTree = "<group>";
		};
		5733AE332A13263B00193A85 /* Enum */ = {
			isa = PBXGroup;
			children = (
				5733AE412A13268800193A85 /* MenuItemSize.swift */,
				5733AE342A13263B00193A85 /* SwipeDirection.swift */,
			);
			path = Enum;
			sourceTree = "<group>";
		};
		5733AE362A13268800193A85 /* View */ = {
			isa = PBXGroup;
			children = (
				5733AE372A13268800193A85 /* MenuBottomIndicator.swift */,
				5733AE382A13268800193A85 /* PagingMenuView.swift */,
				5733AE4F2A13269F00193A85 /* DefaultPagingMenuCell.swift */,
			);
			path = View;
			sourceTree = "<group>";
		};
		5733AE392A13268800193A85 /* Protocol */ = {
			isa = PBXGroup;
			children = (
				5733AE3A2A13268800193A85 /* PagingMenuCell.swift */,
				5733AE3B2A13268800193A85 /* PagingMenuUpdatable.swift */,
				5733AE3C2A13268800193A85 /* MenuItemProvider.swift */,
				5733AE3D2A13268800193A85 /* PagingViewControllerDelegate.swift */,
				5733AE3E2A13268800193A85 /* PagingViewControllerDataSource.swift */,
			);
			path = Protocol;
			sourceTree = "<group>";
		};
		5733AE3F2A13268800193A85 /* Struct */ = {
			isa = PBXGroup;
			children = (
				5733AE402A13268800193A85 /* PagingMenuSettings.swift */,
				5733AE422A13268800193A85 /* DefaultMenuItem.swift */,
				5733AE432A13268800193A85 /* PagingMenuCollectionViewLayout.swift */,
			);
			path = Struct;
			sourceTree = "<group>";
		};
		5733AE512A1326D200193A85 /* ContainerScrollViewController */ = {
			isa = PBXGroup;
			children = (
				5733AE572A1328E600193A85 /* ContainerScrollViewController.swift */,
				5733AE562A1328E500193A85 /* ContainerScrollViewDatasource.swift */,
				5733AE542A1328E500193A85 /* BottomControllerProvider.swift */,
				5733AE5C2A13294000193A85 /* BottomControllerProviderDelegate.swift */,
				5733AE552A1328E500193A85 /* PaginationableView.swift */,
			);
			path = ContainerScrollViewController;
			sourceTree = "<group>";
		};
		5740391A2A16252000A9A2F6 /* Header */ = {
			isa = PBXGroup;
			children = (
				5740391C2A16254200A9A2F6 /* View */,
				579BC7192A2D790500C81D91 /* ViewModel */,
				5740391B2A16253000A9A2F6 /* Controller */,
			);
			path = Header;
			sourceTree = "<group>";
		};
		5740391B2A16253000A9A2F6 /* Controller */ = {
			isa = PBXGroup;
			children = (
				57AB72932A13309500FB5B09 /* ProfileHeaderController.swift */,
				57C817712A1B80CC0000445F /* ProfileHeaderController + Setup.swift */,
			);
			path = Controller;
			sourceTree = "<group>";
		};
		5740391C2A16254200A9A2F6 /* View */ = {
			isa = PBXGroup;
			children = (
				575050092A03FD47008D2789 /* UserStatLabel.swift */,
				5750500B2A03FD78008D2789 /* ActionProfileButton.swift */,
				5718EAF62A05EC9000C44428 /* ProfileStoryCell.swift */,
			);
			path = View;
			sourceTree = "<group>";
		};
		5740391D2A16255D00A9A2F6 /* Bottom */ = {
			isa = PBXGroup;
			children = (
				5740391F2A16256500A9A2F6 /* View */,
				578574B22A26FDBD00448BF4 /* ViewModel */,
				5740391E2A16256100A9A2F6 /* Controller */,
			);
			path = Bottom;
			sourceTree = "<group>";
		};
		5740391E2A16256100A9A2F6 /* Controller */ = {
			isa = PBXGroup;
			children = (
				57AB72952A13316900FB5B09 /* ProfileBottomController.swift */,
				57AB72992A13443000FB5B09 /* ProfilePhotoDisplayController.swift */,
			);
			path = Controller;
			sourceTree = "<group>";
		};
		5740391F2A16256500A9A2F6 /* View */ = {
			isa = PBXGroup;
			children = (
				5718EAF42A05E73C00C44428 /* PhotoCollectionViewCell.swift */,
			);
			path = View;
			sourceTree = "<group>";
		};
		574039202A16258600A9A2F6 /* Root */ = {
			isa = PBXGroup;
			children = (
				574039222A16259800A9A2F6 /* View */,
				579BC7162A2CF4A500C81D91 /* ViewModel */,
				574039212A16258E00A9A2F6 /* Controller */,
			);
			path = Root;
			sourceTree = "<group>";
		};
		574039212A16258E00A9A2F6 /* Controller */ = {
			isa = PBXGroup;
			children = (
				57ABFC6E29E9A7BB00FF1BEB /* ProfileController.swift */,
				57CA5F802A1A0A88001D1E4A /* ProfileSettingsSheetController.swift */,
				574039182A16145400A9A2F6 /* ProfileCreateSheetController.swift */,
			);
			path = Controller;
			sourceTree = "<group>";
		};
		574039222A16259800A9A2F6 /* View */ = {
			isa = PBXGroup;
			children = (
				57CA5F872A1A7398001D1E4A /* ProfileConfigurationCell.swift */,
			);
			path = View;
			sourceTree = "<group>";
		};
		574039232A162C9F00A9A2F6 /* Edit */ = {
			isa = PBXGroup;
			children = (
				574039272A162DD200A9A2F6 /* View */,
				574039262A162DCB00A9A2F6 /* Controller */,
			);
			path = Edit;
			sourceTree = "<group>";
		};
		574039262A162DCB00A9A2F6 /* Controller */ = {
			isa = PBXGroup;
			children = (
				574039242A162DC000A9A2F6 /* ProfileEditController.swift */,
				57C817782A1B9E800000445F /* ProfileEditController + Delegate.swift */,
				57CA5F8B2A1B112C001D1E4A /* ProfileEditController + Setup.swift */,
				5740392C2A16701B00A9A2F6 /* ProfileEditDetailController.swift */,
				57CA5F892A1AFE88001D1E4A /* ProfileEditAvatarSheetController.swift */,
			);
			path = Controller;
			sourceTree = "<group>";
		};
		574039272A162DD200A9A2F6 /* View */ = {
			isa = PBXGroup;
			children = (
				574039282A162E9100A9A2F6 /* ProfileEditCell.swift */,
				5740392A2A16484200A9A2F6 /* ProfileEditHeader.swift */,
			);
			path = View;
			sourceTree = "<group>";
		};
		574039302A171A9400A9A2F6 /* CustomNavigationBar */ = {
			isa = PBXGroup;
			children = (
				574039312A171AB200A9A2F6 /* CustomNavigationBar.swift */,
				57C8177A2A1C5D1E0000445F /* AttributedButton.swift */,
			);
			path = CustomNavigationBar;
			sourceTree = "<group>";
		};
		576F57D229EB0EC3002F2A6E /* Controller */ = {
			isa = PBXGroup;
			children = (
				57ABFC6C29E9A7A900FF1BEB /* HomeController.swift */,
				57DE12632A13E62B00FDF302 /* HomeController + Setup.swift */,
			);
			path = Controller;
			sourceTree = "<group>";
		};
		578574B22A26FDBD00448BF4 /* ViewModel */ = {
			isa = PBXGroup;
			children = (
				579BC71C2A2D83DE00C81D91 /* ProfileBottomViewModel.swift */,
				578574B02A26D7A400448BF4 /* ProfilePhotoDisplayViewModel.swift */,
			);
			path = ViewModel;
			sourceTree = "<group>";
		};
		578574B52A27BADE00448BF4 /* ViewModel */ = {
			isa = PBXGroup;
			children = (
				578574B32A27598200448BF4 /* ExploreViewModel.swift */,
			);
			path = ViewModel;
			sourceTree = "<group>";
		};
		579BC7132A2C336500C81D91 /* ViewModel */ = {
			isa = PBXGroup;
			children = (
				579BC7142A2C337200C81D91 /* HomeViewModel.swift */,
				5701430C2A317D0400F1B8D5 /* HomePostCellViewModel.swift */,
			);
			path = ViewModel;
			sourceTree = "<group>";
		};
		579BC7162A2CF4A500C81D91 /* ViewModel */ = {
			isa = PBXGroup;
			children = (
				579BC7172A2CF4CA00C81D91 /* ProfileViewModel.swift */,
			);
			path = ViewModel;
			sourceTree = "<group>";
		};
		579BC7192A2D790500C81D91 /* ViewModel */ = {
			isa = PBXGroup;
			children = (
				579BC71A2A2D791800C81D91 /* ProfileHeaderViewModel.swift */,
			);
			path = ViewModel;
			sourceTree = "<group>";
		};
		57A6FA012A2B48AB00D85A4D /* ViewModel */ = {
			isa = PBXGroup;
			children = (
				574E8FEE2A2A10130059DB49 /* CommentViewModel.swift */,
			);
			path = ViewModel;
			sourceTree = "<group>";
		};
		57ABFC3B29E998FD00FF1BEB = {
			isa = PBXGroup;
			children = (
				57ABFC4629E998FD00FF1BEB /* InstagramClone */,
				57ABFC4529E998FD00FF1BEB /* Products */,
				1CECADCE13DAD4E88478DAFF /* Pods */,
				69755729FB3D6885AA978A72 /* Frameworks */,
			);
			sourceTree = "<group>";
		};
		57ABFC4529E998FD00FF1BEB /* Products */ = {
			isa = PBXGroup;
			children = (
				57ABFC4429E998FD00FF1BEB /* InstagramClone.app */,
			);
			name = Products;
			sourceTree = "<group>";
		};
		57ABFC4629E998FD00FF1BEB /* InstagramClone */ = {
			isa = PBXGroup;
			children = (
				57ABFC4729E998FD00FF1BEB /* AppDelegate.swift */,
				57ABFC4929E998FD00FF1BEB /* SceneDelegate.swift */,
				5733AE292A1324E000193A85 /* Utilities */,
				57ABFC7D29EA60FE00FF1BEB /* Helper */,
				57ABFC7E29EA626200FF1BEB /* Manager */,
				57ABFC8129EA643400FF1BEB /* Model */,
				57ABFC5F29E9A54D00FF1BEB /* Source */,
				57ABFC5229E998FE00FF1BEB /* LaunchScreen.storyboard */,
				57ABFC7429E9AAB500FF1BEB /* Assets.xcassets */,
				57ABFC5529E998FE00FF1BEB /* Info.plist */,
				57ABFC5B29E99AAA00FF1BEB /* GoogleService-Info.plist */,
			);
			path = InstagramClone;
			sourceTree = "<group>";
		};
		57ABFC5F29E9A54D00FF1BEB /* Source */ = {
			isa = PBXGroup;
			children = (
				57ABFC6029E9A5A900FF1BEB /* Login */,
				57ABFC6729E9A6D000FF1BEB /* MainTabBar */,
				57ABFC6829E9A6E700FF1BEB /* Home */,
				57ABFC6929E9A74400FF1BEB /* Explore */,
				57ABFC6B29E9A78300FF1BEB /* Upload Post */,
				57ABFC6A29E9A74C00FF1BEB /* Profile */,
				57B8930C2A23431800128AAB /* Comment */,
				57B893202A24F39900128AAB /* Post Detail */,
				57B893252A250D1900128AAB /* Like Detail */,
				571C48392A28F5D6009EECE0 /* Follower Detail */,
				571C48382A28F5CE009EECE0 /* Following Detail */,
			);
			path = Source;
			sourceTree = "<group>";
		};
		57ABFC6029E9A5A900FF1BEB /* Login */ = {
			isa = PBXGroup;
			children = (
				57ABFC6629E9A66100FF1BEB /* ViewModel */,
				57ABFC6129E9A5C500FF1BEB /* Controller */,
			);
			path = Login;
			sourceTree = "<group>";
		};
		57ABFC6129E9A5C500FF1BEB /* Controller */ = {
			isa = PBXGroup;
			children = (
				57ABFC6429E9A65C00FF1BEB /* SignUpViewController.swift */,
				57ABFC6229E9A64600FF1BEB /* LogInViewController.swift */,
			);
			path = Controller;
			sourceTree = "<group>";
		};
		57ABFC6629E9A66100FF1BEB /* ViewModel */ = {
			isa = PBXGroup;
			children = (
				57ABFC8B29EA7AB900FF1BEB /* SignUpViewModel.swift */,
				576F57C829EAD014002F2A6E /* LoginViewModel.swift */,
			);
			path = ViewModel;
			sourceTree = "<group>";
		};
		57ABFC6729E9A6D000FF1BEB /* MainTabBar */ = {
			isa = PBXGroup;
			children = (
				57ABFC5D29E9A53A00FF1BEB /* MainTabBarController.swift */,
				576F57D629EBB8B5002F2A6E /* TabBarViewModel.swift */,
			);
			path = MainTabBar;
			sourceTree = "<group>";
		};
		57ABFC6829E9A6E700FF1BEB /* Home */ = {
			isa = PBXGroup;
			children = (
				57DE12672A14BEE000FDF302 /* View */,
				579BC7132A2C336500C81D91 /* ViewModel */,
				576F57D229EB0EC3002F2A6E /* Controller */,
			);
			path = Home;
			sourceTree = "<group>";
		};
		57ABFC6929E9A74400FF1BEB /* Explore */ = {
			isa = PBXGroup;
			children = (
				57276EA62A1F230500BEFA37 /* View */,
				578574B52A27BADE00448BF4 /* ViewModel */,
				57276EA92A1F61EB00BEFA37 /* Controller */,
			);
			path = Explore;
			sourceTree = "<group>";
		};
		57ABFC6A29E9A74C00FF1BEB /* Profile */ = {
			isa = PBXGroup;
			children = (
				574039202A16258600A9A2F6 /* Root */,
				5740391A2A16252000A9A2F6 /* Header */,
				5740391D2A16255D00A9A2F6 /* Bottom */,
				574039232A162C9F00A9A2F6 /* Edit */,
			);
			path = Profile;
			sourceTree = "<group>";
		};
		57ABFC6B29E9A78300FF1BEB /* Upload Post */ = {
			isa = PBXGroup;
			children = (
				57ED8BE429EEEB1F00E5AD93 /* View */,
				57B4E75629F665BB00F5B977 /* View Model */,
				57F6AC6029EEAD00003F1BA9 /* Controller */,
			);
			path = "Upload Post";
			sourceTree = "<group>";
		};
		57ABFC7729E9BD9200FF1BEB /* Extension */ = {
			isa = PBXGroup;
			children = (
				57ABFC7829E9BDA300FF1BEB /* Extentsion.swift */,
				5733AE312A1325E200193A85 /* UIViewController + Extension.swift */,
				5733AE522A13275700193A85 /* UIView + Extension.swift */,
				57DE12572A13962800FDF302 /* String + Extension.swift */,
				57DE12592A13965900FDF302 /* PHAsset + Extenstion.swift */,
				57DE12652A147F2A00FDF302 /* UIImage + Extenstion.swift */,
				57CA5F782A188AB4001D1E4A /* UINavigationController + Extension.swift */,
			);
			path = Extension;
			sourceTree = "<group>";
		};
		57ABFC7A29EA505B00FF1BEB /* CommonView */ = {
			isa = PBXGroup;
			children = (
				576F57CE29EAEBBA002F2A6E /* ProgressHUD.swift */,
				57F6AC5E29EEA8FC003F1BA9 /* PlaceholderTextView.swift */,
				571C48342A28378E009EECE0 /* LoadingIndicatorFooterView.swift */,
			);
			path = CommonView;
			sourceTree = "<group>";
		};
		57ABFC7D29EA60FE00FF1BEB /* Helper */ = {
			isa = PBXGroup;
			children = (
				57ABFC8629EA690100FF1BEB /* Constant */,
				57ABFC7729E9BD9200FF1BEB /* Extension */,
			);
			path = Helper;
			sourceTree = "<group>";
		};
		57ABFC7E29EA626200FF1BEB /* Manager */ = {
			isa = PBXGroup;
			children = (
				57ABFC7F29EA627000FF1BEB /* AuthManager.swift */,
				57ABFC8929EA748400FF1BEB /* StorageManager.swift */,
				576F57D029EAFC4F002F2A6E /* UserManager.swift */,
				572388CF29F76DF900B5936D /* PostManager.swift */,
				574E8FF02A2B38280059DB49 /* CommentManager.swift */,
			);
			path = Manager;
			sourceTree = "<group>";
		};
		57ABFC8129EA643400FF1BEB /* Model */ = {
			isa = PBXGroup;
			children = (
				57ABFC8429EA64EA00FF1BEB /* FirebaseModel.swift */,
				57ABFC8229EA647300FF1BEB /* User.swift */,
				572388D129F771C700B5936D /* Post.swift */,
				57B8930F2A234D8300128AAB /* Comment.swift */,
			);
			path = Model;
			sourceTree = "<group>";
		};
		57ABFC8629EA690100FF1BEB /* Constant */ = {
			isa = PBXGroup;
			children = (
				57ABFC8729EA690D00FF1BEB /* Constants.swift */,
			);
			path = Constant;
			sourceTree = "<group>";
		};
		57B4E75629F665BB00F5B977 /* View Model */ = {
			isa = PBXGroup;
			children = (
				57B4E75729F665E000F5B977 /* PhotoSelectorViewModel.swift */,
				575C4D5029F7BCC700C9287B /* NewPostViewModel.swift */,
			);
			path = "View Model";
			sourceTree = "<group>";
		};
		57B8930C2A23431800128AAB /* Comment */ = {
			isa = PBXGroup;
			children = (
				57B893112A23509C00128AAB /* View */,
				57A6FA012A2B48AB00D85A4D /* ViewModel */,
				57B893122A23509F00128AAB /* Controller */,
			);
			path = Comment;
			sourceTree = "<group>";
		};
		57B893112A23509C00128AAB /* View */ = {
			isa = PBXGroup;
			children = (
				57B893152A2350DF00128AAB /* CommentHeader.swift */,
				57B893132A2350C500128AAB /* CommentCell.swift */,
				574E8FEC2A29D9240059DB49 /* CommentInputView.swift */,
			);
			path = View;
			sourceTree = "<group>";
		};
		57B893122A23509F00128AAB /* Controller */ = {
			isa = PBXGroup;
			children = (
				571C484A2A29B278009EECE0 /* CommentController.swift */,
				574E8FF22A2B47EB0059DB49 /* CommentController + Setup.swift */,
			);
			path = Controller;
			sourceTree = "<group>";
		};
		57B893202A24F39900128AAB /* Post Detail */ = {
			isa = PBXGroup;
			children = (
				5701430A2A30C8F900F1B8D5 /* PostDetailCellViewModel.swift */,
				57B893232A24F53A00128AAB /* PostDetailCell.swift */,
				57B893212A24F40000128AAB /* PostDetailController.swift */,
			);
			path = "Post Detail";
			sourceTree = "<group>";
		};
		57B893252A250D1900128AAB /* Like Detail */ = {
			isa = PBXGroup;
			children = (
				578574AE2A258D3000448BF4 /* LikeDetailCell.swift */,
				57B893262A250F3600128AAB /* LikeDetailController.swift */,
				578574AC2A258C9100448BF4 /* LikeDetailController + Setup.swift */,
			);
			path = "Like Detail";
			sourceTree = "<group>";
		};
		57C8177C2A1DAC580000445F /* ImageCompressor */ = {
			isa = PBXGroup;
			children = (
				57C8177D2A1DAC6D0000445F /* ImageCompressor.swift */,
			);
			path = ImageCompressor;
			sourceTree = "<group>";
		};
		57CA5F752A17C884001D1E4A /* BottomSheetController */ = {
			isa = PBXGroup;
			children = (
				57CA5F822A1A1534001D1E4A /* BottomSheetController.swift */,
				57CA5F7C2A193334001D1E4A /* BottomSheetSettings.swift */,
				57CA5F8D2A1B1E66001D1E4A /* BottomSheetViewController.swift */,
			);
			path = BottomSheetController;
			sourceTree = "<group>";
		};
		57DE12672A14BEE000FDF302 /* View */ = {
			isa = PBXGroup;
			children = (
				57DE126A2A14D84800FDF302 /* HomeStoryCell.swift */,
				57DE126C2A14D8A500FDF302 /* HomePostCell.swift */,
			);
			path = View;
			sourceTree = "<group>";
		};
		57ED8BE429EEEB1F00E5AD93 /* View */ = {
			isa = PBXGroup;
			children = (
				57ED8BE529EEEFB400E5AD93 /* PhotoSelectorCell.swift */,
				5720688429F433D500FB133B /* PhotoSelectorHeader.swift */,
			);
			path = View;
			sourceTree = "<group>";
		};
		57F6AC6029EEAD00003F1BA9 /* Controller */ = {
			isa = PBXGroup;
			children = (
				57F6AC6129EEAD33003F1BA9 /* PhotoSelectorController.swift */,
				5725FD2229F4E40A00D5A600 /* PhotoSelectorController + Setup.swift */,
				5725FD2029F4C75000D5A600 /* NewPostController.swift */,
				57B893192A23A69000128AAB /* NewPostController + Setup.swift */,
			);
			path = Controller;
			sourceTree = "<group>";
		};
		69755729FB3D6885AA978A72 /* Frameworks */ = {
			isa = PBXGroup;
			children = (
				93C2667D5D8E9DDDE5CBCC9E /* Pods_InstagramClone.framework */,
			);
			name = Frameworks;
			sourceTree = "<group>";
		};
/* End PBXGroup section */

/* Begin PBXNativeTarget section */
		57ABFC4329E998FD00FF1BEB /* InstagramClone */ = {
			isa = PBXNativeTarget;
			buildConfigurationList = 57ABFC5829E998FE00FF1BEB /* Build configuration list for PBXNativeTarget "InstagramClone" */;
			buildPhases = (
				5D29C7641101E9C7F97576E0 /* [CP] Check Pods Manifest.lock */,
				57ABFC4029E998FD00FF1BEB /* Sources */,
				57ABFC4129E998FD00FF1BEB /* Frameworks */,
				57ABFC4229E998FD00FF1BEB /* Resources */,
				1A06752D6B2481387A627464 /* [CP] Embed Pods Frameworks */,
			);
			buildRules = (
			);
			dependencies = (
			);
			name = InstagramClone;
			productName = InstagramClone;
			productReference = 57ABFC4429E998FD00FF1BEB /* InstagramClone.app */;
			productType = "com.apple.product-type.application";
		};
/* End PBXNativeTarget section */

/* Begin PBXProject section */
		57ABFC3C29E998FD00FF1BEB /* Project object */ = {
			isa = PBXProject;
			attributes = {
				BuildIndependentTargetsInParallel = 1;
				LastSwiftUpdateCheck = 1340;
				LastUpgradeCheck = 1340;
				TargetAttributes = {
					57ABFC4329E998FD00FF1BEB = {
						CreatedOnToolsVersion = 13.4.1;
					};
				};
			};
			buildConfigurationList = 57ABFC3F29E998FD00FF1BEB /* Build configuration list for PBXProject "InstagramClone" */;
			compatibilityVersion = "Xcode 13.0";
			developmentRegion = en;
			hasScannedForEncodings = 0;
			knownRegions = (
				en,
				Base,
			);
			mainGroup = 57ABFC3B29E998FD00FF1BEB;
			productRefGroup = 57ABFC4529E998FD00FF1BEB /* Products */;
			projectDirPath = "";
			projectRoot = "";
			targets = (
				57ABFC4329E998FD00FF1BEB /* InstagramClone */,
			);
		};
/* End PBXProject section */

/* Begin PBXResourcesBuildPhase section */
		57ABFC4229E998FD00FF1BEB /* Resources */ = {
			isa = PBXResourcesBuildPhase;
			buildActionMask = 2147483647;
			files = (
				57ABFC5429E998FE00FF1BEB /* LaunchScreen.storyboard in Resources */,
				57ABFC7529E9AAB500FF1BEB /* Assets.xcassets in Resources */,
				57ABFC5C29E99AAA00FF1BEB /* GoogleService-Info.plist in Resources */,
			);
			runOnlyForDeploymentPostprocessing = 0;
		};
/* End PBXResourcesBuildPhase section */

/* Begin PBXShellScriptBuildPhase section */
		1A06752D6B2481387A627464 /* [CP] Embed Pods Frameworks */ = {
			isa = PBXShellScriptBuildPhase;
			buildActionMask = 2147483647;
			files = (
			);
			inputFileListPaths = (
				"${PODS_ROOT}/Target Support Files/Pods-InstagramClone/Pods-InstagramClone-frameworks-${CONFIGURATION}-input-files.xcfilelist",
			);
			name = "[CP] Embed Pods Frameworks";
			outputFileListPaths = (
				"${PODS_ROOT}/Target Support Files/Pods-InstagramClone/Pods-InstagramClone-frameworks-${CONFIGURATION}-output-files.xcfilelist",
			);
			runOnlyForDeploymentPostprocessing = 0;
			shellPath = /bin/sh;
			shellScript = "\"${PODS_ROOT}/Target Support Files/Pods-InstagramClone/Pods-InstagramClone-frameworks.sh\"\n";
			showEnvVarsInLog = 0;
		};
		5D29C7641101E9C7F97576E0 /* [CP] Check Pods Manifest.lock */ = {
			isa = PBXShellScriptBuildPhase;
			buildActionMask = 2147483647;
			files = (
			);
			inputFileListPaths = (
			);
			inputPaths = (
				"${PODS_PODFILE_DIR_PATH}/Podfile.lock",
				"${PODS_ROOT}/Manifest.lock",
			);
			name = "[CP] Check Pods Manifest.lock";
			outputFileListPaths = (
			);
			outputPaths = (
				"$(DERIVED_FILE_DIR)/Pods-InstagramClone-checkManifestLockResult.txt",
			);
			runOnlyForDeploymentPostprocessing = 0;
			shellPath = /bin/sh;
			shellScript = "diff \"${PODS_PODFILE_DIR_PATH}/Podfile.lock\" \"${PODS_ROOT}/Manifest.lock\" > /dev/null\nif [ $? != 0 ] ; then\n    # print error to STDERR\n    echo \"error: The sandbox is not in sync with the Podfile.lock. Run 'pod install' or update your CocoaPods installation.\" >&2\n    exit 1\nfi\n# This output is used by Xcode 'outputs' to avoid re-running this script phase.\necho \"SUCCESS\" > \"${SCRIPT_OUTPUT_FILE_0}\"\n";
			showEnvVarsInLog = 0;
		};
/* End PBXShellScriptBuildPhase section */

/* Begin PBXSourcesBuildPhase section */
		57ABFC4029E998FD00FF1BEB /* Sources */ = {
			isa = PBXSourcesBuildPhase;
			buildActionMask = 2147483647;
			files = (
				571C48492A299F7D009EECE0 /* FollowersDetailController + Setup.swift in Sources */,
				57DE126B2A14D84800FDF302 /* HomeStoryCell.swift in Sources */,
				5725FD2329F4E40A00D5A600 /* PhotoSelectorController + Setup.swift in Sources */,
				5733AE322A1325E200193A85 /* UIViewController + Extension.swift in Sources */,
				574E8FEF2A2A10130059DB49 /* CommentViewModel.swift in Sources */,
				5733AE352A13263B00193A85 /* SwipeDirection.swift in Sources */,
				57ABFC8529EA64EA00FF1BEB /* FirebaseModel.swift in Sources */,
				57ABFC8C29EA7AB900FF1BEB /* SignUpViewModel.swift in Sources */,
				579BC7152A2C337200C81D91 /* HomeViewModel.swift in Sources */,
				57B4E75829F665E000F5B977 /* PhotoSelectorViewModel.swift in Sources */,
				578574AF2A258D3000448BF4 /* LikeDetailCell.swift in Sources */,
				5733AE5D2A13294000193A85 /* BottomControllerProviderDelegate.swift in Sources */,
				57DE125A2A13965900FDF302 /* PHAsset + Extenstion.swift in Sources */,
				5733AE4B2A13268800193A85 /* PagingMenuSettings.swift in Sources */,
				57B893242A24F53A00128AAB /* PostDetailCell.swift in Sources */,
				57DE12642A13E62B00FDF302 /* HomeController + Setup.swift in Sources */,
				57ABFC8329EA647300FF1BEB /* User.swift in Sources */,
				57C8177E2A1DAC6D0000445F /* ImageCompressor.swift in Sources */,
				57ABFC7929E9BDA300FF1BEB /* Extentsion.swift in Sources */,
				57ABFC8029EA627000FF1BEB /* AuthManager.swift in Sources */,
				5733AE4A2A13268800193A85 /* PagingViewControllerDataSource.swift in Sources */,
				5720688529F433D500FB133B /* PhotoSelectorHeader.swift in Sources */,
				574039322A171AB200A9A2F6 /* CustomNavigationBar.swift in Sources */,
				5733AE452A13268800193A85 /* PagingMenuView.swift in Sources */,
				57ABFC5E29E9A53A00FF1BEB /* MainTabBarController.swift in Sources */,
				5733AE472A13268800193A85 /* PagingMenuUpdatable.swift in Sources */,
				5733AE4E2A13268800193A85 /* PagingMenuCollectionViewLayout.swift in Sources */,
				57AB729A2A13443000FB5B09 /* ProfilePhotoDisplayController.swift in Sources */,
				571C483B2A28FB44009EECE0 /* FollowersDetailController.swift in Sources */,
				57276EAB2A1F640200BEFA37 /* SearchUserTableViewCell.swift in Sources */,
				57ABFC8829EA690D00FF1BEB /* Constants.swift in Sources */,
				57ED8BE629EEEFB400E5AD93 /* PhotoSelectorCell.swift in Sources */,
				575C4D5129F7BCC700C9287B /* NewPostViewModel.swift in Sources */,
				5733AE502A13269F00193A85 /* DefaultPagingMenuCell.swift in Sources */,
				57CA5F812A1A0A88001D1E4A /* ProfileSettingsSheetController.swift in Sources */,
				579BC71B2A2D791800C81D91 /* ProfileHeaderViewModel.swift in Sources */,
				576F57C929EAD014002F2A6E /* LoginViewModel.swift in Sources */,
				57AB72962A13316900FB5B09 /* ProfileBottomController.swift in Sources */,
				5733AE442A13268800193A85 /* MenuBottomIndicator.swift in Sources */,
				57DE12662A147F2A00FDF302 /* UIImage + Extenstion.swift in Sources */,
				57C817722A1B80CC0000445F /* ProfileHeaderController + Setup.swift in Sources */,
				579BC71D2A2D83DE00C81D91 /* ProfileBottomViewModel.swift in Sources */,
				57DE12582A13962800FDF302 /* String + Extension.swift in Sources */,
				57DE126D2A14D8A500FDF302 /* HomePostCell.swift in Sources */,
				5733AE4D2A13268800193A85 /* DefaultMenuItem.swift in Sources */,
				57F6AC6229EEAD33003F1BA9 /* PhotoSelectorController.swift in Sources */,
				57ABFC6529E9A65C00FF1BEB /* SignUpViewController.swift in Sources */,
				574E8FF12A2B38280059DB49 /* CommentManager.swift in Sources */,
				571C48472A299F67009EECE0 /* FollowingDetailController + Setup.swift in Sources */,
				57B893102A234D8300128AAB /* Comment.swift in Sources */,
				571C483D2A28FB59009EECE0 /* FollowingDetailController.swift in Sources */,
				578574AD2A258C9100448BF4 /* LikeDetailController + Setup.swift in Sources */,
				57ABFC7129E9A7C400FF1BEB /* ExploreController.swift in Sources */,
				5733AE2F2A1325A100193A85 /* PagingViewController + Setup.swift in Sources */,
				572388D029F76DF900B5936D /* PostManager.swift in Sources */,
				574E8FF32A2B47EB0059DB49 /* CommentController + Setup.swift in Sources */,
				571C484B2A29B278009EECE0 /* CommentController.swift in Sources */,
				57C817792A1B9E800000445F /* ProfileEditController + Delegate.swift in Sources */,
				57CA5F882A1A7398001D1E4A /* ProfileConfigurationCell.swift in Sources */,
				57AB72942A13309500FB5B09 /* ProfileHeaderController.swift in Sources */,
				57B893142A2350C500128AAB /* CommentCell.swift in Sources */,
				5725FD2129F4C75000D5A600 /* NewPostController.swift in Sources */,
				574039192A16145400A9A2F6 /* ProfileCreateSheetController.swift in Sources */,
				571C48372A28590D009EECE0 /* ExploreController + Setup.swift in Sources */,
				572388D229F771C700B5936D /* Post.swift in Sources */,
				57ABFC4829E998FD00FF1BEB /* AppDelegate.swift in Sources */,
				57F6AC5F29EEA8FC003F1BA9 /* PlaceholderTextView.swift in Sources */,
				574039252A162DC000A9A2F6 /* ProfileEditController.swift in Sources */,
				5718EAF52A05E73C00C44428 /* PhotoCollectionViewCell.swift in Sources */,
				574E8FED2A29D9240059DB49 /* CommentInputView.swift in Sources */,
				5750500A2A03FD47008D2789 /* UserStatLabel.swift in Sources */,
				5733AE532A13275700193A85 /* UIView + Extension.swift in Sources */,
				5740392D2A16701B00A9A2F6 /* ProfileEditDetailController.swift in Sources */,
				57CA5F792A188AB4001D1E4A /* UINavigationController + Extension.swift in Sources */,
				5733AE492A13268800193A85 /* PagingViewControllerDelegate.swift in Sources */,
				5733AE582A1328E600193A85 /* BottomControllerProvider.swift in Sources */,
				5701430B2A30C8F900F1B8D5 /* PostDetailCellViewModel.swift in Sources */,
				57ABFC6329E9A64600FF1BEB /* LogInViewController.swift in Sources */,
				57CA5F8C2A1B112C001D1E4A /* ProfileEditController + Setup.swift in Sources */,
				57ABFC4A29E998FD00FF1BEB /* SceneDelegate.swift in Sources */,
				5733AE482A13268800193A85 /* MenuItemProvider.swift in Sources */,
				5733AE302A1325A100193A85 /* PagingViewController.swift in Sources */,
				571C48452A2902AE009EECE0 /* FollowingDetailCell.swift in Sources */,
				5733AE4C2A13268800193A85 /* MenuItemSize.swift in Sources */,
				57ABFC6F29E9A7BB00FF1BEB /* ProfileController.swift in Sources */,
				57B8931A2A23A69000128AAB /* NewPostController + Setup.swift in Sources */,
				57CA5F7D2A193334001D1E4A /* BottomSheetSettings.swift in Sources */,
				579BC7182A2CF4CA00C81D91 /* ProfileViewModel.swift in Sources */,
				57CA5F8E2A1B1E66001D1E4A /* BottomSheetViewController.swift in Sources */,
				5718EAF72A05EC9000C44428 /* ProfileStoryCell.swift in Sources */,
				578574B42A27598200448BF4 /* ExploreViewModel.swift in Sources */,
				5750500C2A03FD78008D2789 /* ActionProfileButton.swift in Sources */,
				578574B12A26D7A400448BF4 /* ProfilePhotoDisplayViewModel.swift in Sources */,
				5740392B2A16484200A9A2F6 /* ProfileEditHeader.swift in Sources */,
				57CA5F832A1A1534001D1E4A /* BottomSheetController.swift in Sources */,
				5733AE5B2A1328E600193A85 /* ContainerScrollViewController.swift in Sources */,
				571C48352A28378E009EECE0 /* LoadingIndicatorFooterView.swift in Sources */,
				57C8177B2A1C5D1E0000445F /* AttributedButton.swift in Sources */,
				57276EA82A1F232200BEFA37 /* UserSearchView.swift in Sources */,
				57ABFC6D29E9A7A900FF1BEB /* HomeController.swift in Sources */,
				57ABFC8A29EA748400FF1BEB /* StorageManager.swift in Sources */,
				5733AE592A1328E600193A85 /* PaginationableView.swift in Sources */,
				5733AE462A13268800193A85 /* PagingMenuCell.swift in Sources */,
				576F57D129EAFC4F002F2A6E /* UserManager.swift in Sources */,
				5733AE5A2A1328E600193A85 /* ContainerScrollViewDatasource.swift in Sources */,
				57B893222A24F40000128AAB /* PostDetailController.swift in Sources */,
				574039292A162E9100A9A2F6 /* ProfileEditCell.swift in Sources */,
				5701430D2A317D0400F1B8D5 /* HomePostCellViewModel.swift in Sources */,
				57B893272A250F3600128AAB /* LikeDetailController.swift in Sources */,
				571C48432A2902A8009EECE0 /* FollowersDetailCell.swift in Sources */,
				576F57D729EBB8B5002F2A6E /* TabBarViewModel.swift in Sources */,
				57CA5F8A2A1AFE88001D1E4A /* ProfileEditAvatarSheetController.swift in Sources */,
				576F57CF29EAEBBA002F2A6E /* ProgressHUD.swift in Sources */,
				57B893162A2350DF00128AAB /* CommentHeader.swift in Sources */,
			);
			runOnlyForDeploymentPostprocessing = 0;
		};
/* End PBXSourcesBuildPhase section */

/* Begin PBXVariantGroup section */
		57ABFC5229E998FE00FF1BEB /* LaunchScreen.storyboard */ = {
			isa = PBXVariantGroup;
			children = (
				57ABFC5329E998FE00FF1BEB /* Base */,
			);
			name = LaunchScreen.storyboard;
			sourceTree = "<group>";
		};
/* End PBXVariantGroup section */

/* Begin XCBuildConfiguration section */
		57ABFC5629E998FE00FF1BEB /* Debug */ = {
			isa = XCBuildConfiguration;
			buildSettings = {
				ALWAYS_SEARCH_USER_PATHS = NO;
				CLANG_ANALYZER_NONNULL = YES;
				CLANG_ANALYZER_NUMBER_OBJECT_CONVERSION = YES_AGGRESSIVE;
				CLANG_CXX_LANGUAGE_STANDARD = "gnu++17";
				CLANG_ENABLE_MODULES = YES;
				CLANG_ENABLE_OBJC_ARC = YES;
				CLANG_ENABLE_OBJC_WEAK = YES;
				CLANG_WARN_BLOCK_CAPTURE_AUTORELEASING = YES;
				CLANG_WARN_BOOL_CONVERSION = YES;
				CLANG_WARN_COMMA = YES;
				CLANG_WARN_CONSTANT_CONVERSION = YES;
				CLANG_WARN_DEPRECATED_OBJC_IMPLEMENTATIONS = YES;
				CLANG_WARN_DIRECT_OBJC_ISA_USAGE = YES_ERROR;
				CLANG_WARN_DOCUMENTATION_COMMENTS = YES;
				CLANG_WARN_EMPTY_BODY = YES;
				CLANG_WARN_ENUM_CONVERSION = YES;
				CLANG_WARN_INFINITE_RECURSION = YES;
				CLANG_WARN_INT_CONVERSION = YES;
				CLANG_WARN_NON_LITERAL_NULL_CONVERSION = YES;
				CLANG_WARN_OBJC_IMPLICIT_RETAIN_SELF = YES;
				CLANG_WARN_OBJC_LITERAL_CONVERSION = YES;
				CLANG_WARN_OBJC_ROOT_CLASS = YES_ERROR;
				CLANG_WARN_QUOTED_INCLUDE_IN_FRAMEWORK_HEADER = YES;
				CLANG_WARN_RANGE_LOOP_ANALYSIS = YES;
				CLANG_WARN_STRICT_PROTOTYPES = YES;
				CLANG_WARN_SUSPICIOUS_MOVE = YES;
				CLANG_WARN_UNGUARDED_AVAILABILITY = YES_AGGRESSIVE;
				CLANG_WARN_UNREACHABLE_CODE = YES;
				CLANG_WARN__DUPLICATE_METHOD_MATCH = YES;
				COPY_PHASE_STRIP = NO;
				DEBUG_INFORMATION_FORMAT = dwarf;
				ENABLE_STRICT_OBJC_MSGSEND = YES;
				ENABLE_TESTABILITY = YES;
				GCC_C_LANGUAGE_STANDARD = gnu11;
				GCC_DYNAMIC_NO_PIC = NO;
				GCC_NO_COMMON_BLOCKS = YES;
				GCC_OPTIMIZATION_LEVEL = 0;
				GCC_PREPROCESSOR_DEFINITIONS = (
					"DEBUG=1",
					"$(inherited)",
				);
				GCC_WARN_64_TO_32_BIT_CONVERSION = YES;
				GCC_WARN_ABOUT_RETURN_TYPE = YES_ERROR;
				GCC_WARN_UNDECLARED_SELECTOR = YES;
				GCC_WARN_UNINITIALIZED_AUTOS = YES_AGGRESSIVE;
				GCC_WARN_UNUSED_FUNCTION = YES;
				GCC_WARN_UNUSED_VARIABLE = YES;
				IPHONEOS_DEPLOYMENT_TARGET = 15.5;
				MTL_ENABLE_DEBUG_INFO = INCLUDE_SOURCE;
				MTL_FAST_MATH = YES;
				ONLY_ACTIVE_ARCH = YES;
				SDKROOT = iphoneos;
				SWIFT_ACTIVE_COMPILATION_CONDITIONS = DEBUG;
				SWIFT_OPTIMIZATION_LEVEL = "-Onone";
			};
			name = Debug;
		};
		57ABFC5729E998FE00FF1BEB /* Release */ = {
			isa = XCBuildConfiguration;
			buildSettings = {
				ALWAYS_SEARCH_USER_PATHS = NO;
				CLANG_ANALYZER_NONNULL = YES;
				CLANG_ANALYZER_NUMBER_OBJECT_CONVERSION = YES_AGGRESSIVE;
				CLANG_CXX_LANGUAGE_STANDARD = "gnu++17";
				CLANG_ENABLE_MODULES = YES;
				CLANG_ENABLE_OBJC_ARC = YES;
				CLANG_ENABLE_OBJC_WEAK = YES;
				CLANG_WARN_BLOCK_CAPTURE_AUTORELEASING = YES;
				CLANG_WARN_BOOL_CONVERSION = YES;
				CLANG_WARN_COMMA = YES;
				CLANG_WARN_CONSTANT_CONVERSION = YES;
				CLANG_WARN_DEPRECATED_OBJC_IMPLEMENTATIONS = YES;
				CLANG_WARN_DIRECT_OBJC_ISA_USAGE = YES_ERROR;
				CLANG_WARN_DOCUMENTATION_COMMENTS = YES;
				CLANG_WARN_EMPTY_BODY = YES;
				CLANG_WARN_ENUM_CONVERSION = YES;
				CLANG_WARN_INFINITE_RECURSION = YES;
				CLANG_WARN_INT_CONVERSION = YES;
				CLANG_WARN_NON_LITERAL_NULL_CONVERSION = YES;
				CLANG_WARN_OBJC_IMPLICIT_RETAIN_SELF = YES;
				CLANG_WARN_OBJC_LITERAL_CONVERSION = YES;
				CLANG_WARN_OBJC_ROOT_CLASS = YES_ERROR;
				CLANG_WARN_QUOTED_INCLUDE_IN_FRAMEWORK_HEADER = YES;
				CLANG_WARN_RANGE_LOOP_ANALYSIS = YES;
				CLANG_WARN_STRICT_PROTOTYPES = YES;
				CLANG_WARN_SUSPICIOUS_MOVE = YES;
				CLANG_WARN_UNGUARDED_AVAILABILITY = YES_AGGRESSIVE;
				CLANG_WARN_UNREACHABLE_CODE = YES;
				CLANG_WARN__DUPLICATE_METHOD_MATCH = YES;
				COPY_PHASE_STRIP = NO;
				DEBUG_INFORMATION_FORMAT = "dwarf-with-dsym";
				ENABLE_NS_ASSERTIONS = NO;
				ENABLE_STRICT_OBJC_MSGSEND = YES;
				GCC_C_LANGUAGE_STANDARD = gnu11;
				GCC_NO_COMMON_BLOCKS = YES;
				GCC_WARN_64_TO_32_BIT_CONVERSION = YES;
				GCC_WARN_ABOUT_RETURN_TYPE = YES_ERROR;
				GCC_WARN_UNDECLARED_SELECTOR = YES;
				GCC_WARN_UNINITIALIZED_AUTOS = YES_AGGRESSIVE;
				GCC_WARN_UNUSED_FUNCTION = YES;
				GCC_WARN_UNUSED_VARIABLE = YES;
				IPHONEOS_DEPLOYMENT_TARGET = 15.5;
				MTL_ENABLE_DEBUG_INFO = NO;
				MTL_FAST_MATH = YES;
				SDKROOT = iphoneos;
				SWIFT_COMPILATION_MODE = wholemodule;
				SWIFT_OPTIMIZATION_LEVEL = "-O";
				VALIDATE_PRODUCT = YES;
			};
			name = Release;
		};
		57ABFC5929E998FE00FF1BEB /* Debug */ = {
			isa = XCBuildConfiguration;
			baseConfigurationReference = 48C82344D17EAD6A024C44E7 /* Pods-InstagramClone.debug.xcconfig */;
			buildSettings = {
				ASSETCATALOG_COMPILER_APPICON_NAME = AppIcon;
				ASSETCATALOG_COMPILER_GLOBAL_ACCENT_COLOR_NAME = AccentColor;
				CODE_SIGN_STYLE = Automatic;
				CURRENT_PROJECT_VERSION = 1;
				DEVELOPMENT_TEAM = S7WPNU5HBB;
				GENERATE_INFOPLIST_FILE = YES;
				INFOPLIST_FILE = InstagramClone/Info.plist;
				INFOPLIST_KEY_UIApplicationSupportsIndirectInputEvents = YES;
				INFOPLIST_KEY_UILaunchStoryboardName = LaunchScreen;
				INFOPLIST_KEY_UISupportedInterfaceOrientations_iPad = "UIInterfaceOrientationPortrait UIInterfaceOrientationPortraitUpsideDown UIInterfaceOrientationLandscapeLeft UIInterfaceOrientationLandscapeRight";
				INFOPLIST_KEY_UISupportedInterfaceOrientations_iPhone = "UIInterfaceOrientationPortrait UIInterfaceOrientationLandscapeLeft UIInterfaceOrientationLandscapeRight";
				IPHONEOS_DEPLOYMENT_TARGET = 15.5;
				LD_RUNPATH_SEARCH_PATHS = (
					"$(inherited)",
					"@executable_path/Frameworks",
				);
				MARKETING_VERSION = 1.0;
				PRODUCT_BUNDLE_IDENTIFIER = com.ducanh.InstagramClone;
				PRODUCT_NAME = "$(TARGET_NAME)";
				SUPPORTED_PLATFORMS = "iphoneos iphonesimulator";
				SUPPORTS_MACCATALYST = NO;
				SUPPORTS_MAC_DESIGNED_FOR_IPHONE_IPAD = NO;
				SWIFT_EMIT_LOC_STRINGS = YES;
				SWIFT_VERSION = 5.0;
				TARGETED_DEVICE_FAMILY = "1,2";
			};
			name = Debug;
		};
		57ABFC5A29E998FE00FF1BEB /* Release */ = {
			isa = XCBuildConfiguration;
			baseConfigurationReference = ECEC73533383A4AE055852A1 /* Pods-InstagramClone.release.xcconfig */;
			buildSettings = {
				ASSETCATALOG_COMPILER_APPICON_NAME = AppIcon;
				ASSETCATALOG_COMPILER_GLOBAL_ACCENT_COLOR_NAME = AccentColor;
				CODE_SIGN_STYLE = Automatic;
				CURRENT_PROJECT_VERSION = 1;
				DEVELOPMENT_TEAM = S7WPNU5HBB;
				GENERATE_INFOPLIST_FILE = YES;
				INFOPLIST_FILE = InstagramClone/Info.plist;
				INFOPLIST_KEY_UIApplicationSupportsIndirectInputEvents = YES;
				INFOPLIST_KEY_UILaunchStoryboardName = LaunchScreen;
				INFOPLIST_KEY_UISupportedInterfaceOrientations_iPad = "UIInterfaceOrientationPortrait UIInterfaceOrientationPortraitUpsideDown UIInterfaceOrientationLandscapeLeft UIInterfaceOrientationLandscapeRight";
				INFOPLIST_KEY_UISupportedInterfaceOrientations_iPhone = "UIInterfaceOrientationPortrait UIInterfaceOrientationLandscapeLeft UIInterfaceOrientationLandscapeRight";
				IPHONEOS_DEPLOYMENT_TARGET = 15.5;
				LD_RUNPATH_SEARCH_PATHS = (
					"$(inherited)",
					"@executable_path/Frameworks",
				);
				MARKETING_VERSION = 1.0;
				PRODUCT_BUNDLE_IDENTIFIER = com.ducanh.InstagramClone;
				PRODUCT_NAME = "$(TARGET_NAME)";
				SUPPORTED_PLATFORMS = "iphoneos iphonesimulator";
				SUPPORTS_MACCATALYST = NO;
				SUPPORTS_MAC_DESIGNED_FOR_IPHONE_IPAD = NO;
				SWIFT_EMIT_LOC_STRINGS = YES;
				SWIFT_VERSION = 5.0;
				TARGETED_DEVICE_FAMILY = "1,2";
			};
			name = Release;
		};
/* End XCBuildConfiguration section */

/* Begin XCConfigurationList section */
		57ABFC3F29E998FD00FF1BEB /* Build configuration list for PBXProject "InstagramClone" */ = {
			isa = XCConfigurationList;
			buildConfigurations = (
				57ABFC5629E998FE00FF1BEB /* Debug */,
				57ABFC5729E998FE00FF1BEB /* Release */,
			);
			defaultConfigurationIsVisible = 0;
			defaultConfigurationName = Release;
		};
		57ABFC5829E998FE00FF1BEB /* Build configuration list for PBXNativeTarget "InstagramClone" */ = {
			isa = XCConfigurationList;
			buildConfigurations = (
				57ABFC5929E998FE00FF1BEB /* Debug */,
				57ABFC5A29E998FE00FF1BEB /* Release */,
			);
			defaultConfigurationIsVisible = 0;
			defaultConfigurationName = Release;
		};
/* End XCConfigurationList section */
	};
	rootObject = 57ABFC3C29E998FD00FF1BEB /* Project object */;
}
