// !$*UTF8*$!
{
	archiveVersion = 1;
	classes = {
	};
	objectVersion = 55;
	objects = {

/* Begin PBXBuildFile section */
		5386F2742F5FE4D9BD67E437 /* Pods_InstagramClone.framework in Frameworks */ = {isa = PBXBuildFile; fileRef = 93C2667D5D8E9DDDE5CBCC9E /* Pods_InstagramClone.framework */; };
		576F57C929EAD014002F2A6E /* LoginViewModel.swift in Sources */ = {isa = PBXBuildFile; fileRef = 576F57C829EAD014002F2A6E /* LoginViewModel.swift */; };
		576F57CF29EAEBBA002F2A6E /* ProgressHUD.swift in Sources */ = {isa = PBXBuildFile; fileRef = 576F57CE29EAEBBA002F2A6E /* ProgressHUD.swift */; };
		576F57D129EAFC4F002F2A6E /* UserManager.swift in Sources */ = {isa = PBXBuildFile; fileRef = 576F57D029EAFC4F002F2A6E /* UserManager.swift */; };
		576F57D529EBB065002F2A6E /* DataPersistenceManager.swift in Sources */ = {isa = PBXBuildFile; fileRef = 576F57D429EBB065002F2A6E /* DataPersistenceManager.swift */; };
		576F57D729EBB8B5002F2A6E /* TabBarViewModel.swift in Sources */ = {isa = PBXBuildFile; fileRef = 576F57D629EBB8B5002F2A6E /* TabBarViewModel.swift */; };
		576F57D929EC06A0002F2A6E /* FeedViewModel.swift in Sources */ = {isa = PBXBuildFile; fileRef = 576F57D829EC06A0002F2A6E /* FeedViewModel.swift */; };
		57ABFC4829E998FD00FF1BEB /* AppDelegate.swift in Sources */ = {isa = PBXBuildFile; fileRef = 57ABFC4729E998FD00FF1BEB /* AppDelegate.swift */; };
		57ABFC4A29E998FD00FF1BEB /* SceneDelegate.swift in Sources */ = {isa = PBXBuildFile; fileRef = 57ABFC4929E998FD00FF1BEB /* SceneDelegate.swift */; };
		57ABFC5429E998FE00FF1BEB /* LaunchScreen.storyboard in Resources */ = {isa = PBXBuildFile; fileRef = 57ABFC5229E998FE00FF1BEB /* LaunchScreen.storyboard */; };
		57ABFC5C29E99AAA00FF1BEB /* GoogleService-Info.plist in Resources */ = {isa = PBXBuildFile; fileRef = 57ABFC5B29E99AAA00FF1BEB /* GoogleService-Info.plist */; };
		57ABFC5E29E9A53A00FF1BEB /* TabBarViewController.swift in Sources */ = {isa = PBXBuildFile; fileRef = 57ABFC5D29E9A53A00FF1BEB /* TabBarViewController.swift */; };
		57ABFC6329E9A64600FF1BEB /* LogInViewController.swift in Sources */ = {isa = PBXBuildFile; fileRef = 57ABFC6229E9A64600FF1BEB /* LogInViewController.swift */; };
		57ABFC6529E9A65C00FF1BEB /* SignUpViewController.swift in Sources */ = {isa = PBXBuildFile; fileRef = 57ABFC6429E9A65C00FF1BEB /* SignUpViewController.swift */; };
		57ABFC6D29E9A7A900FF1BEB /* FeedViewController.swift in Sources */ = {isa = PBXBuildFile; fileRef = 57ABFC6C29E9A7A900FF1BEB /* FeedViewController.swift */; };
		57ABFC6F29E9A7BB00FF1BEB /* ProfileViewController.swift in Sources */ = {isa = PBXBuildFile; fileRef = 57ABFC6E29E9A7BB00FF1BEB /* ProfileViewController.swift */; };
		57ABFC7129E9A7C400FF1BEB /* SearchViewController.swift in Sources */ = {isa = PBXBuildFile; fileRef = 57ABFC7029E9A7C400FF1BEB /* SearchViewController.swift */; };
		57ABFC7329E9A7DC00FF1BEB /* PostViewController.swift in Sources */ = {isa = PBXBuildFile; fileRef = 57ABFC7229E9A7DC00FF1BEB /* PostViewController.swift */; };
		57ABFC7529E9AAB500FF1BEB /* Assets.xcassets in Resources */ = {isa = PBXBuildFile; fileRef = 57ABFC7429E9AAB500FF1BEB /* Assets.xcassets */; };
		57ABFC7929E9BDA300FF1BEB /* Extentsion.swift in Sources */ = {isa = PBXBuildFile; fileRef = 57ABFC7829E9BDA300FF1BEB /* Extentsion.swift */; };
		57ABFC7C29EA507C00FF1BEB /* StatusView.swift in Sources */ = {isa = PBXBuildFile; fileRef = 57ABFC7B29EA507C00FF1BEB /* StatusView.swift */; };
		57ABFC8029EA627000FF1BEB /* AuthManager.swift in Sources */ = {isa = PBXBuildFile; fileRef = 57ABFC7F29EA627000FF1BEB /* AuthManager.swift */; };
		57ABFC8329EA647300FF1BEB /* User.swift in Sources */ = {isa = PBXBuildFile; fileRef = 57ABFC8229EA647300FF1BEB /* User.swift */; };
		57ABFC8529EA64EA00FF1BEB /* FirebaseModel.swift in Sources */ = {isa = PBXBuildFile; fileRef = 57ABFC8429EA64EA00FF1BEB /* FirebaseModel.swift */; };
		57ABFC8829EA690D00FF1BEB /* Constants.swift in Sources */ = {isa = PBXBuildFile; fileRef = 57ABFC8729EA690D00FF1BEB /* Constants.swift */; };
		57ABFC8A29EA748400FF1BEB /* StorageManager.swift in Sources */ = {isa = PBXBuildFile; fileRef = 57ABFC8929EA748400FF1BEB /* StorageManager.swift */; };
		57ABFC8C29EA7AB900FF1BEB /* SignUpViewModel.swift in Sources */ = {isa = PBXBuildFile; fileRef = 57ABFC8B29EA7AB900FF1BEB /* SignUpViewModel.swift */; };
		57ED8BE629EEEFB400E5AD93 /* PhotoSelectorCell.swift in Sources */ = {isa = PBXBuildFile; fileRef = 57ED8BE529EEEFB400E5AD93 /* PhotoSelectorCell.swift */; };
		57F6AC5F29EEA8FC003F1BA9 /* PlaceholderTextView.swift in Sources */ = {isa = PBXBuildFile; fileRef = 57F6AC5E29EEA8FC003F1BA9 /* PlaceholderTextView.swift */; };
		57F6AC6229EEAD33003F1BA9 /* PhotoSelectorViewController.swift in Sources */ = {isa = PBXBuildFile; fileRef = 57F6AC6129EEAD33003F1BA9 /* PhotoSelectorViewController.swift */; };
/* End PBXBuildFile section */

/* Begin PBXFileReference section */
		48C82344D17EAD6A024C44E7 /* Pods-InstagramClone.debug.xcconfig */ = {isa = PBXFileReference; includeInIndex = 1; lastKnownFileType = text.xcconfig; name = "Pods-InstagramClone.debug.xcconfig"; path = "Target Support Files/Pods-InstagramClone/Pods-InstagramClone.debug.xcconfig"; sourceTree = "<group>"; };
		576F57C829EAD014002F2A6E /* LoginViewModel.swift */ = {isa = PBXFileReference; lastKnownFileType = sourcecode.swift; path = LoginViewModel.swift; sourceTree = "<group>"; };
		576F57CE29EAEBBA002F2A6E /* ProgressHUD.swift */ = {isa = PBXFileReference; lastKnownFileType = sourcecode.swift; path = ProgressHUD.swift; sourceTree = "<group>"; };
		576F57D029EAFC4F002F2A6E /* UserManager.swift */ = {isa = PBXFileReference; lastKnownFileType = sourcecode.swift; path = UserManager.swift; sourceTree = "<group>"; };
		576F57D429EBB065002F2A6E /* DataPersistenceManager.swift */ = {isa = PBXFileReference; lastKnownFileType = sourcecode.swift; path = DataPersistenceManager.swift; sourceTree = "<group>"; };
		576F57D629EBB8B5002F2A6E /* TabBarViewModel.swift */ = {isa = PBXFileReference; lastKnownFileType = sourcecode.swift; path = TabBarViewModel.swift; sourceTree = "<group>"; };
		576F57D829EC06A0002F2A6E /* FeedViewModel.swift */ = {isa = PBXFileReference; lastKnownFileType = sourcecode.swift; path = FeedViewModel.swift; sourceTree = "<group>"; };
		57ABFC4429E998FD00FF1BEB /* InstagramClone.app */ = {isa = PBXFileReference; explicitFileType = wrapper.application; includeInIndex = 0; path = InstagramClone.app; sourceTree = BUILT_PRODUCTS_DIR; };
		57ABFC4729E998FD00FF1BEB /* AppDelegate.swift */ = {isa = PBXFileReference; lastKnownFileType = sourcecode.swift; path = AppDelegate.swift; sourceTree = "<group>"; };
		57ABFC4929E998FD00FF1BEB /* SceneDelegate.swift */ = {isa = PBXFileReference; lastKnownFileType = sourcecode.swift; path = SceneDelegate.swift; sourceTree = "<group>"; };
		57ABFC5329E998FE00FF1BEB /* Base */ = {isa = PBXFileReference; lastKnownFileType = file.storyboard; name = Base; path = Base.lproj/LaunchScreen.storyboard; sourceTree = "<group>"; };
		57ABFC5529E998FE00FF1BEB /* Info.plist */ = {isa = PBXFileReference; lastKnownFileType = text.plist.xml; path = Info.plist; sourceTree = "<group>"; };
		57ABFC5B29E99AAA00FF1BEB /* GoogleService-Info.plist */ = {isa = PBXFileReference; fileEncoding = 4; lastKnownFileType = text.plist.xml; path = "GoogleService-Info.plist"; sourceTree = "<group>"; };
		57ABFC5D29E9A53A00FF1BEB /* TabBarViewController.swift */ = {isa = PBXFileReference; indentWidth = 2; lastKnownFileType = sourcecode.swift; path = TabBarViewController.swift; sourceTree = "<group>"; tabWidth = 2; };
		57ABFC6229E9A64600FF1BEB /* LogInViewController.swift */ = {isa = PBXFileReference; lastKnownFileType = sourcecode.swift; path = LogInViewController.swift; sourceTree = "<group>"; };
		57ABFC6429E9A65C00FF1BEB /* SignUpViewController.swift */ = {isa = PBXFileReference; lastKnownFileType = sourcecode.swift; path = SignUpViewController.swift; sourceTree = "<group>"; };
		57ABFC6C29E9A7A900FF1BEB /* FeedViewController.swift */ = {isa = PBXFileReference; lastKnownFileType = sourcecode.swift; path = FeedViewController.swift; sourceTree = "<group>"; };
		57ABFC6E29E9A7BB00FF1BEB /* ProfileViewController.swift */ = {isa = PBXFileReference; lastKnownFileType = sourcecode.swift; path = ProfileViewController.swift; sourceTree = "<group>"; };
		57ABFC7029E9A7C400FF1BEB /* SearchViewController.swift */ = {isa = PBXFileReference; lastKnownFileType = sourcecode.swift; path = SearchViewController.swift; sourceTree = "<group>"; };
		57ABFC7229E9A7DC00FF1BEB /* PostViewController.swift */ = {isa = PBXFileReference; lastKnownFileType = sourcecode.swift; path = PostViewController.swift; sourceTree = "<group>"; };
		57ABFC7429E9AAB500FF1BEB /* Assets.xcassets */ = {isa = PBXFileReference; lastKnownFileType = folder.assetcatalog; path = Assets.xcassets; sourceTree = "<group>"; };
		57ABFC7829E9BDA300FF1BEB /* Extentsion.swift */ = {isa = PBXFileReference; lastKnownFileType = sourcecode.swift; path = Extentsion.swift; sourceTree = "<group>"; };
		57ABFC7B29EA507C00FF1BEB /* StatusView.swift */ = {isa = PBXFileReference; lastKnownFileType = sourcecode.swift; path = StatusView.swift; sourceTree = "<group>"; };
		57ABFC7F29EA627000FF1BEB /* AuthManager.swift */ = {isa = PBXFileReference; lastKnownFileType = sourcecode.swift; path = AuthManager.swift; sourceTree = "<group>"; };
		57ABFC8229EA647300FF1BEB /* User.swift */ = {isa = PBXFileReference; lastKnownFileType = sourcecode.swift; path = User.swift; sourceTree = "<group>"; };
		57ABFC8429EA64EA00FF1BEB /* FirebaseModel.swift */ = {isa = PBXFileReference; lastKnownFileType = sourcecode.swift; path = FirebaseModel.swift; sourceTree = "<group>"; };
		57ABFC8729EA690D00FF1BEB /* Constants.swift */ = {isa = PBXFileReference; lastKnownFileType = sourcecode.swift; path = Constants.swift; sourceTree = "<group>"; };
		57ABFC8929EA748400FF1BEB /* StorageManager.swift */ = {isa = PBXFileReference; lastKnownFileType = sourcecode.swift; path = StorageManager.swift; sourceTree = "<group>"; };
		57ABFC8B29EA7AB900FF1BEB /* SignUpViewModel.swift */ = {isa = PBXFileReference; lastKnownFileType = sourcecode.swift; path = SignUpViewModel.swift; sourceTree = "<group>"; };
		57ED8BE529EEEFB400E5AD93 /* PhotoSelectorCell.swift */ = {isa = PBXFileReference; lastKnownFileType = sourcecode.swift; path = PhotoSelectorCell.swift; sourceTree = "<group>"; };
		57F6AC5E29EEA8FC003F1BA9 /* PlaceholderTextView.swift */ = {isa = PBXFileReference; lastKnownFileType = sourcecode.swift; path = PlaceholderTextView.swift; sourceTree = "<group>"; };
		57F6AC6129EEAD33003F1BA9 /* PhotoSelectorViewController.swift */ = {isa = PBXFileReference; lastKnownFileType = sourcecode.swift; path = PhotoSelectorViewController.swift; sourceTree = "<group>"; };
		93C2667D5D8E9DDDE5CBCC9E /* Pods_InstagramClone.framework */ = {isa = PBXFileReference; explicitFileType = wrapper.framework; includeInIndex = 0; path = Pods_InstagramClone.framework; sourceTree = BUILT_PRODUCTS_DIR; };
		ECEC73533383A4AE055852A1 /* Pods-InstagramClone.release.xcconfig */ = {isa = PBXFileReference; includeInIndex = 1; lastKnownFileType = text.xcconfig; name = "Pods-InstagramClone.release.xcconfig"; path = "Target Support Files/Pods-InstagramClone/Pods-InstagramClone.release.xcconfig"; sourceTree = "<group>"; };
/* End PBXFileReference section */

/* Begin PBXFrameworksBuildPhase section */
		57ABFC4129E998FD00FF1BEB /* Frameworks */ = {
			isa = PBXFrameworksBuildPhase;
			buildActionMask = 2147483647;
			files = (
				5386F2742F5FE4D9BD67E437 /* Pods_InstagramClone.framework in Frameworks */,
			);
			runOnlyForDeploymentPostprocessing = 0;
		};
/* End PBXFrameworksBuildPhase section */

/* Begin PBXGroup section */
		1CECADCE13DAD4E88478DAFF /* Pods */ = {
			isa = PBXGroup;
			children = (
				48C82344D17EAD6A024C44E7 /* Pods-InstagramClone.debug.xcconfig */,
				ECEC73533383A4AE055852A1 /* Pods-InstagramClone.release.xcconfig */,
			);
			path = Pods;
			sourceTree = "<group>";
		};
		576F57D229EB0EC3002F2A6E /* Controller */ = {
			isa = PBXGroup;
			children = (
				57ABFC6C29E9A7A900FF1BEB /* FeedViewController.swift */,
			);
			path = Controller;
			sourceTree = "<group>";
		};
		576F57D329EB0ECF002F2A6E /* ViewModel */ = {
			isa = PBXGroup;
			children = (
				576F57D829EC06A0002F2A6E /* FeedViewModel.swift */,
			);
			path = ViewModel;
			sourceTree = "<group>";
		};
		57ABFC3B29E998FD00FF1BEB = {
			isa = PBXGroup;
			children = (
				57ABFC4629E998FD00FF1BEB /* InstagramClone */,
				57ABFC4529E998FD00FF1BEB /* Products */,
				1CECADCE13DAD4E88478DAFF /* Pods */,
				69755729FB3D6885AA978A72 /* Frameworks */,
			);
			sourceTree = "<group>";
		};
		57ABFC4529E998FD00FF1BEB /* Products */ = {
			isa = PBXGroup;
			children = (
				57ABFC4429E998FD00FF1BEB /* InstagramClone.app */,
			);
			name = Products;
			sourceTree = "<group>";
		};
		57ABFC4629E998FD00FF1BEB /* InstagramClone */ = {
			isa = PBXGroup;
			children = (
				57ABFC4729E998FD00FF1BEB /* AppDelegate.swift */,
				57ABFC4929E998FD00FF1BEB /* SceneDelegate.swift */,
				57ABFC7D29EA60FE00FF1BEB /* Helper */,
				57ABFC7E29EA626200FF1BEB /* Manager */,
				57ABFC8129EA643400FF1BEB /* Model */,
				57ABFC5F29E9A54D00FF1BEB /* Source */,
				57ABFC5229E998FE00FF1BEB /* LaunchScreen.storyboard */,
				57ABFC7429E9AAB500FF1BEB /* Assets.xcassets */,
				57ABFC5529E998FE00FF1BEB /* Info.plist */,
				57ABFC5B29E99AAA00FF1BEB /* GoogleService-Info.plist */,
			);
			path = InstagramClone;
			sourceTree = "<group>";
		};
		57ABFC5F29E9A54D00FF1BEB /* Source */ = {
			isa = PBXGroup;
			children = (
				57ABFC6729E9A6D000FF1BEB /* MainTabBar */,
				57ABFC6029E9A5A900FF1BEB /* Login */,
				57ABFC6829E9A6E700FF1BEB /* Feed */,
				57ABFC6929E9A74400FF1BEB /* Search */,
				57ABFC6B29E9A78300FF1BEB /* Post */,
				57ABFC6A29E9A74C00FF1BEB /* Profile */,
			);
			path = Source;
			sourceTree = "<group>";
		};
		57ABFC6029E9A5A900FF1BEB /* Login */ = {
			isa = PBXGroup;
			children = (
				57ABFC6629E9A66100FF1BEB /* ViewModel */,
				57ABFC6129E9A5C500FF1BEB /* Controller */,
			);
			path = Login;
			sourceTree = "<group>";
		};
		57ABFC6129E9A5C500FF1BEB /* Controller */ = {
			isa = PBXGroup;
			children = (
				57ABFC6429E9A65C00FF1BEB /* SignUpViewController.swift */,
				57ABFC6229E9A64600FF1BEB /* LogInViewController.swift */,
			);
			path = Controller;
			sourceTree = "<group>";
		};
		57ABFC6629E9A66100FF1BEB /* ViewModel */ = {
			isa = PBXGroup;
			children = (
				57ABFC8B29EA7AB900FF1BEB /* SignUpViewModel.swift */,
				576F57C829EAD014002F2A6E /* LoginViewModel.swift */,
			);
			path = ViewModel;
			sourceTree = "<group>";
		};
		57ABFC6729E9A6D000FF1BEB /* MainTabBar */ = {
			isa = PBXGroup;
			children = (
				57ABFC5D29E9A53A00FF1BEB /* TabBarViewController.swift */,
				576F57D629EBB8B5002F2A6E /* TabBarViewModel.swift */,
			);
			path = MainTabBar;
			sourceTree = "<group>";
		};
		57ABFC6829E9A6E700FF1BEB /* Feed */ = {
			isa = PBXGroup;
			children = (
				576F57D329EB0ECF002F2A6E /* ViewModel */,
				576F57D229EB0EC3002F2A6E /* Controller */,
			);
			path = Feed;
			sourceTree = "<group>";
		};
		57ABFC6929E9A74400FF1BEB /* Search */ = {
			isa = PBXGroup;
			children = (
				57ABFC7029E9A7C400FF1BEB /* SearchViewController.swift */,
			);
			path = Search;
			sourceTree = "<group>";
		};
		57ABFC6A29E9A74C00FF1BEB /* Profile */ = {
			isa = PBXGroup;
			children = (
				57ABFC6E29E9A7BB00FF1BEB /* ProfileViewController.swift */,
			);
			path = Profile;
			sourceTree = "<group>";
		};
		57ABFC6B29E9A78300FF1BEB /* Post */ = {
			isa = PBXGroup;
			children = (
				57ED8BE429EEEB1F00E5AD93 /* View */,
				57F6AC6029EEAD00003F1BA9 /* Controller */,
			);
			path = Post;
			sourceTree = "<group>";
		};
		57ABFC7729E9BD9200FF1BEB /* Extension */ = {
			isa = PBXGroup;
			children = (
				57ABFC7829E9BDA300FF1BEB /* Extentsion.swift */,
			);
			path = Extension;
			sourceTree = "<group>";
		};
		57ABFC7A29EA505B00FF1BEB /* CommonView */ = {
			isa = PBXGroup;
			children = (
				57ABFC7B29EA507C00FF1BEB /* StatusView.swift */,
				576F57CE29EAEBBA002F2A6E /* ProgressHUD.swift */,
				57F6AC5E29EEA8FC003F1BA9 /* PlaceholderTextView.swift */,
			);
			path = CommonView;
			sourceTree = "<group>";
		};
		57ABFC7D29EA60FE00FF1BEB /* Helper */ = {
			isa = PBXGroup;
			children = (
				57ABFC8629EA690100FF1BEB /* Constant */,
				57ABFC7729E9BD9200FF1BEB /* Extension */,
				57ABFC7A29EA505B00FF1BEB /* CommonView */,
			);
			path = Helper;
			sourceTree = "<group>";
		};
		57ABFC7E29EA626200FF1BEB /* Manager */ = {
			isa = PBXGroup;
			children = (
				57ABFC7F29EA627000FF1BEB /* AuthManager.swift */,
				57ABFC8929EA748400FF1BEB /* StorageManager.swift */,
				576F57D029EAFC4F002F2A6E /* UserManager.swift */,
				576F57D429EBB065002F2A6E /* DataPersistenceManager.swift */,
			);
			path = Manager;
			sourceTree = "<group>";
		};
		57ABFC8129EA643400FF1BEB /* Model */ = {
			isa = PBXGroup;
			children = (
				57ABFC8429EA64EA00FF1BEB /* FirebaseModel.swift */,
				57ABFC8229EA647300FF1BEB /* User.swift */,
			);
			path = Model;
			sourceTree = "<group>";
		};
		57ABFC8629EA690100FF1BEB /* Constant */ = {
			isa = PBXGroup;
			children = (
				57ABFC8729EA690D00FF1BEB /* Constants.swift */,
			);
			path = Constant;
			sourceTree = "<group>";
		};
		57ED8BE429EEEB1F00E5AD93 /* View */ = {
			isa = PBXGroup;
			children = (
				57ED8BE529EEEFB400E5AD93 /* PhotoSelectorCell.swift */,
			);
			path = View;
			sourceTree = "<group>";
		};
		57F6AC6029EEAD00003F1BA9 /* Controller */ = {
			isa = PBXGroup;
			children = (
				57ABFC7229E9A7DC00FF1BEB /* PostViewController.swift */,
				57F6AC6129EEAD33003F1BA9 /* PhotoSelectorViewController.swift */,
			);
			path = Controller;
			sourceTree = "<group>";
		};
		69755729FB3D6885AA978A72 /* Frameworks */ = {
			isa = PBXGroup;
			children = (
				93C2667D5D8E9DDDE5CBCC9E /* Pods_InstagramClone.framework */,
			);
			name = Frameworks;
			sourceTree = "<group>";
		};
/* End PBXGroup section */

/* Begin PBXNativeTarget section */
		57ABFC4329E998FD00FF1BEB /* InstagramClone */ = {
			isa = PBXNativeTarget;
			buildConfigurationList = 57ABFC5829E998FE00FF1BEB /* Build configuration list for PBXNativeTarget "InstagramClone" */;
			buildPhases = (
				5D29C7641101E9C7F97576E0 /* [CP] Check Pods Manifest.lock */,
				57ABFC4029E998FD00FF1BEB /* Sources */,
				57ABFC4129E998FD00FF1BEB /* Frameworks */,
				57ABFC4229E998FD00FF1BEB /* Resources */,
				1A06752D6B2481387A627464 /* [CP] Embed Pods Frameworks */,
			);
			buildRules = (
			);
			dependencies = (
			);
			name = InstagramClone;
			productName = InstagramClone;
			productReference = 57ABFC4429E998FD00FF1BEB /* InstagramClone.app */;
			productType = "com.apple.product-type.application";
		};
/* End PBXNativeTarget section */

/* Begin PBXProject section */
		57ABFC3C29E998FD00FF1BEB /* Project object */ = {
			isa = PBXProject;
			attributes = {
				BuildIndependentTargetsInParallel = 1;
				LastSwiftUpdateCheck = 1340;
				LastUpgradeCheck = 1340;
				TargetAttributes = {
					57ABFC4329E998FD00FF1BEB = {
						CreatedOnToolsVersion = 13.4.1;
					};
				};
			};
			buildConfigurationList = 57ABFC3F29E998FD00FF1BEB /* Build configuration list for PBXProject "InstagramClone" */;
			compatibilityVersion = "Xcode 13.0";
			developmentRegion = en;
			hasScannedForEncodings = 0;
			knownRegions = (
				en,
				Base,
			);
			mainGroup = 57ABFC3B29E998FD00FF1BEB;
			productRefGroup = 57ABFC4529E998FD00FF1BEB /* Products */;
			projectDirPath = "";
			projectRoot = "";
			targets = (
				57ABFC4329E998FD00FF1BEB /* InstagramClone */,
			);
		};
/* End PBXProject section */

/* Begin PBXResourcesBuildPhase section */
		57ABFC4229E998FD00FF1BEB /* Resources */ = {
			isa = PBXResourcesBuildPhase;
			buildActionMask = 2147483647;
			files = (
				57ABFC5429E998FE00FF1BEB /* LaunchScreen.storyboard in Resources */,
				57ABFC7529E9AAB500FF1BEB /* Assets.xcassets in Resources */,
				57ABFC5C29E99AAA00FF1BEB /* GoogleService-Info.plist in Resources */,
			);
			runOnlyForDeploymentPostprocessing = 0;
		};
/* End PBXResourcesBuildPhase section */

/* Begin PBXShellScriptBuildPhase section */
		1A06752D6B2481387A627464 /* [CP] Embed Pods Frameworks */ = {
			isa = PBXShellScriptBuildPhase;
			buildActionMask = 2147483647;
			files = (
			);
			inputFileListPaths = (
				"${PODS_ROOT}/Target Support Files/Pods-InstagramClone/Pods-InstagramClone-frameworks-${CONFIGURATION}-input-files.xcfilelist",
			);
			name = "[CP] Embed Pods Frameworks";
			outputFileListPaths = (
				"${PODS_ROOT}/Target Support Files/Pods-InstagramClone/Pods-InstagramClone-frameworks-${CONFIGURATION}-output-files.xcfilelist",
			);
			runOnlyForDeploymentPostprocessing = 0;
			shellPath = /bin/sh;
			shellScript = "\"${PODS_ROOT}/Target Support Files/Pods-InstagramClone/Pods-InstagramClone-frameworks.sh\"\n";
			showEnvVarsInLog = 0;
		};
		5D29C7641101E9C7F97576E0 /* [CP] Check Pods Manifest.lock */ = {
			isa = PBXShellScriptBuildPhase;
			buildActionMask = 2147483647;
			files = (
			);
			inputFileListPaths = (
			);
			inputPaths = (
				"${PODS_PODFILE_DIR_PATH}/Podfile.lock",
				"${PODS_ROOT}/Manifest.lock",
			);
			name = "[CP] Check Pods Manifest.lock";
			outputFileListPaths = (
			);
			outputPaths = (
				"$(DERIVED_FILE_DIR)/Pods-InstagramClone-checkManifestLockResult.txt",
			);
			runOnlyForDeploymentPostprocessing = 0;
			shellPath = /bin/sh;
			shellScript = "diff \"${PODS_PODFILE_DIR_PATH}/Podfile.lock\" \"${PODS_ROOT}/Manifest.lock\" > /dev/null\nif [ $? != 0 ] ; then\n    # print error to STDERR\n    echo \"error: The sandbox is not in sync with the Podfile.lock. Run 'pod install' or update your CocoaPods installation.\" >&2\n    exit 1\nfi\n# This output is used by Xcode 'outputs' to avoid re-running this script phase.\necho \"SUCCESS\" > \"${SCRIPT_OUTPUT_FILE_0}\"\n";
			showEnvVarsInLog = 0;
		};
/* End PBXShellScriptBuildPhase section */

/* Begin PBXSourcesBuildPhase section */
		57ABFC4029E998FD00FF1BEB /* Sources */ = {
			isa = PBXSourcesBuildPhase;
			buildActionMask = 2147483647;
			files = (
				57ABFC8529EA64EA00FF1BEB /* FirebaseModel.swift in Sources */,
				57ABFC8C29EA7AB900FF1BEB /* SignUpViewModel.swift in Sources */,
				57ABFC8329EA647300FF1BEB /* User.swift in Sources */,
				576F57D529EBB065002F2A6E /* DataPersistenceManager.swift in Sources */,
				57ABFC7929E9BDA300FF1BEB /* Extentsion.swift in Sources */,
				57ABFC8029EA627000FF1BEB /* AuthManager.swift in Sources */,
				576F57D929EC06A0002F2A6E /* FeedViewModel.swift in Sources */,
				57ABFC5E29E9A53A00FF1BEB /* TabBarViewController.swift in Sources */,
				57ABFC8829EA690D00FF1BEB /* Constants.swift in Sources */,
				57ED8BE629EEEFB400E5AD93 /* PhotoSelectorCell.swift in Sources */,
				57ABFC7C29EA507C00FF1BEB /* StatusView.swift in Sources */,
				576F57C929EAD014002F2A6E /* LoginViewModel.swift in Sources */,
				57F6AC6229EEAD33003F1BA9 /* PhotoSelectorViewController.swift in Sources */,
				57ABFC6529E9A65C00FF1BEB /* SignUpViewController.swift in Sources */,
				57ABFC7129E9A7C400FF1BEB /* SearchViewController.swift in Sources */,
				57ABFC7329E9A7DC00FF1BEB /* PostViewController.swift in Sources */,
				57ABFC4829E998FD00FF1BEB /* AppDelegate.swift in Sources */,
				57F6AC5F29EEA8FC003F1BA9 /* PlaceholderTextView.swift in Sources */,
				57ABFC6329E9A64600FF1BEB /* LogInViewController.swift in Sources */,
				57ABFC4A29E998FD00FF1BEB /* SceneDelegate.swift in Sources */,
				57ABFC6F29E9A7BB00FF1BEB /* ProfileViewController.swift in Sources */,
				57ABFC6D29E9A7A900FF1BEB /* FeedViewController.swift in Sources */,
				57ABFC8A29EA748400FF1BEB /* StorageManager.swift in Sources */,
				576F57D129EAFC4F002F2A6E /* UserManager.swift in Sources */,
				576F57D729EBB8B5002F2A6E /* TabBarViewModel.swift in Sources */,
				576F57CF29EAEBBA002F2A6E /* ProgressHUD.swift in Sources */,
			);
			runOnlyForDeploymentPostprocessing = 0;
		};
/* End PBXSourcesBuildPhase section */

/* Begin PBXVariantGroup section */
		57ABFC5229E998FE00FF1BEB /* LaunchScreen.storyboard */ = {
			isa = PBXVariantGroup;
			children = (
				57ABFC5329E998FE00FF1BEB /* Base */,
			);
			name = LaunchScreen.storyboard;
			sourceTree = "<group>";
		};
/* End PBXVariantGroup section */

/* Begin XCBuildConfiguration section */
		57ABFC5629E998FE00FF1BEB /* Debug */ = {
			isa = XCBuildConfiguration;
			buildSettings = {
				ALWAYS_SEARCH_USER_PATHS = NO;
				CLANG_ANALYZER_NONNULL = YES;
				CLANG_ANALYZER_NUMBER_OBJECT_CONVERSION = YES_AGGRESSIVE;
				CLANG_CXX_LANGUAGE_STANDARD = "gnu++17";
				CLANG_ENABLE_MODULES = YES;
				CLANG_ENABLE_OBJC_ARC = YES;
				CLANG_ENABLE_OBJC_WEAK = YES;
				CLANG_WARN_BLOCK_CAPTURE_AUTORELEASING = YES;
				CLANG_WARN_BOOL_CONVERSION = YES;
				CLANG_WARN_COMMA = YES;
				CLANG_WARN_CONSTANT_CONVERSION = YES;
				CLANG_WARN_DEPRECATED_OBJC_IMPLEMENTATIONS = YES;
				CLANG_WARN_DIRECT_OBJC_ISA_USAGE = YES_ERROR;
				CLANG_WARN_DOCUMENTATION_COMMENTS = YES;
				CLANG_WARN_EMPTY_BODY = YES;
				CLANG_WARN_ENUM_CONVERSION = YES;
				CLANG_WARN_INFINITE_RECURSION = YES;
				CLANG_WARN_INT_CONVERSION = YES;
				CLANG_WARN_NON_LITERAL_NULL_CONVERSION = YES;
				CLANG_WARN_OBJC_IMPLICIT_RETAIN_SELF = YES;
				CLANG_WARN_OBJC_LITERAL_CONVERSION = YES;
				CLANG_WARN_OBJC_ROOT_CLASS = YES_ERROR;
				CLANG_WARN_QUOTED_INCLUDE_IN_FRAMEWORK_HEADER = YES;
				CLANG_WARN_RANGE_LOOP_ANALYSIS = YES;
				CLANG_WARN_STRICT_PROTOTYPES = YES;
				CLANG_WARN_SUSPICIOUS_MOVE = YES;
				CLANG_WARN_UNGUARDED_AVAILABILITY = YES_AGGRESSIVE;
				CLANG_WARN_UNREACHABLE_CODE = YES;
				CLANG_WARN__DUPLICATE_METHOD_MATCH = YES;
				COPY_PHASE_STRIP = NO;
				DEBUG_INFORMATION_FORMAT = dwarf;
				ENABLE_STRICT_OBJC_MSGSEND = YES;
				ENABLE_TESTABILITY = YES;
				GCC_C_LANGUAGE_STANDARD = gnu11;
				GCC_DYNAMIC_NO_PIC = NO;
				GCC_NO_COMMON_BLOCKS = YES;
				GCC_OPTIMIZATION_LEVEL = 0;
				GCC_PREPROCESSOR_DEFINITIONS = (
					"DEBUG=1",
					"$(inherited)",
				);
				GCC_WARN_64_TO_32_BIT_CONVERSION = YES;
				GCC_WARN_ABOUT_RETURN_TYPE = YES_ERROR;
				GCC_WARN_UNDECLARED_SELECTOR = YES;
				GCC_WARN_UNINITIALIZED_AUTOS = YES_AGGRESSIVE;
				GCC_WARN_UNUSED_FUNCTION = YES;
				GCC_WARN_UNUSED_VARIABLE = YES;
				IPHONEOS_DEPLOYMENT_TARGET = 15.5;
				MTL_ENABLE_DEBUG_INFO = INCLUDE_SOURCE;
				MTL_FAST_MATH = YES;
				ONLY_ACTIVE_ARCH = YES;
				SDKROOT = iphoneos;
				SWIFT_ACTIVE_COMPILATION_CONDITIONS = DEBUG;
				SWIFT_OPTIMIZATION_LEVEL = "-Onone";
			};
			name = Debug;
		};
		57ABFC5729E998FE00FF1BEB /* Release */ = {
			isa = XCBuildConfiguration;
			buildSettings = {
				ALWAYS_SEARCH_USER_PATHS = NO;
				CLANG_ANALYZER_NONNULL = YES;
				CLANG_ANALYZER_NUMBER_OBJECT_CONVERSION = YES_AGGRESSIVE;
				CLANG_CXX_LANGUAGE_STANDARD = "gnu++17";
				CLANG_ENABLE_MODULES = YES;
				CLANG_ENABLE_OBJC_ARC = YES;
				CLANG_ENABLE_OBJC_WEAK = YES;
				CLANG_WARN_BLOCK_CAPTURE_AUTORELEASING = YES;
				CLANG_WARN_BOOL_CONVERSION = YES;
				CLANG_WARN_COMMA = YES;
				CLANG_WARN_CONSTANT_CONVERSION = YES;
				CLANG_WARN_DEPRECATED_OBJC_IMPLEMENTATIONS = YES;
				CLANG_WARN_DIRECT_OBJC_ISA_USAGE = YES_ERROR;
				CLANG_WARN_DOCUMENTATION_COMMENTS = YES;
				CLANG_WARN_EMPTY_BODY = YES;
				CLANG_WARN_ENUM_CONVERSION = YES;
				CLANG_WARN_INFINITE_RECURSION = YES;
				CLANG_WARN_INT_CONVERSION = YES;
				CLANG_WARN_NON_LITERAL_NULL_CONVERSION = YES;
				CLANG_WARN_OBJC_IMPLICIT_RETAIN_SELF = YES;
				CLANG_WARN_OBJC_LITERAL_CONVERSION = YES;
				CLANG_WARN_OBJC_ROOT_CLASS = YES_ERROR;
				CLANG_WARN_QUOTED_INCLUDE_IN_FRAMEWORK_HEADER = YES;
				CLANG_WARN_RANGE_LOOP_ANALYSIS = YES;
				CLANG_WARN_STRICT_PROTOTYPES = YES;
				CLANG_WARN_SUSPICIOUS_MOVE = YES;
				CLANG_WARN_UNGUARDED_AVAILABILITY = YES_AGGRESSIVE;
				CLANG_WARN_UNREACHABLE_CODE = YES;
				CLANG_WARN__DUPLICATE_METHOD_MATCH = YES;
				COPY_PHASE_STRIP = NO;
				DEBUG_INFORMATION_FORMAT = "dwarf-with-dsym";
				ENABLE_NS_ASSERTIONS = NO;
				ENABLE_STRICT_OBJC_MSGSEND = YES;
				GCC_C_LANGUAGE_STANDARD = gnu11;
				GCC_NO_COMMON_BLOCKS = YES;
				GCC_WARN_64_TO_32_BIT_CONVERSION = YES;
				GCC_WARN_ABOUT_RETURN_TYPE = YES_ERROR;
				GCC_WARN_UNDECLARED_SELECTOR = YES;
				GCC_WARN_UNINITIALIZED_AUTOS = YES_AGGRESSIVE;
				GCC_WARN_UNUSED_FUNCTION = YES;
				GCC_WARN_UNUSED_VARIABLE = YES;
				IPHONEOS_DEPLOYMENT_TARGET = 15.5;
				MTL_ENABLE_DEBUG_INFO = NO;
				MTL_FAST_MATH = YES;
				SDKROOT = iphoneos;
				SWIFT_COMPILATION_MODE = wholemodule;
				SWIFT_OPTIMIZATION_LEVEL = "-O";
				VALIDATE_PRODUCT = YES;
			};
			name = Release;
		};
		57ABFC5929E998FE00FF1BEB /* Debug */ = {
			isa = XCBuildConfiguration;
			baseConfigurationReference = 48C82344D17EAD6A024C44E7 /* Pods-InstagramClone.debug.xcconfig */;
			buildSettings = {
				ASSETCATALOG_COMPILER_APPICON_NAME = AppIcon;
				ASSETCATALOG_COMPILER_GLOBAL_ACCENT_COLOR_NAME = AccentColor;
				CODE_SIGN_STYLE = Automatic;
				CURRENT_PROJECT_VERSION = 1;
				DEVELOPMENT_TEAM = S7WPNU5HBB;
				GENERATE_INFOPLIST_FILE = YES;
				INFOPLIST_FILE = InstagramClone/Info.plist;
				INFOPLIST_KEY_UIApplicationSupportsIndirectInputEvents = YES;
				INFOPLIST_KEY_UILaunchStoryboardName = LaunchScreen;
				INFOPLIST_KEY_UISupportedInterfaceOrientations_iPad = "UIInterfaceOrientationPortrait UIInterfaceOrientationPortraitUpsideDown UIInterfaceOrientationLandscapeLeft UIInterfaceOrientationLandscapeRight";
				INFOPLIST_KEY_UISupportedInterfaceOrientations_iPhone = "UIInterfaceOrientationPortrait UIInterfaceOrientationLandscapeLeft UIInterfaceOrientationLandscapeRight";
				LD_RUNPATH_SEARCH_PATHS = (
					"$(inherited)",
					"@executable_path/Frameworks",
				);
				MARKETING_VERSION = 1.0;
				PRODUCT_BUNDLE_IDENTIFIER = com.ducanh.InstagramClone;
				PRODUCT_NAME = "$(TARGET_NAME)";
				SWIFT_EMIT_LOC_STRINGS = YES;
				SWIFT_VERSION = 5.0;
				TARGETED_DEVICE_FAMILY = "1,2";
			};
			name = Debug;
		};
		57ABFC5A29E998FE00FF1BEB /* Release */ = {
			isa = XCBuildConfiguration;
			baseConfigurationReference = ECEC73533383A4AE055852A1 /* Pods-InstagramClone.release.xcconfig */;
			buildSettings = {
				ASSETCATALOG_COMPILER_APPICON_NAME = AppIcon;
				ASSETCATALOG_COMPILER_GLOBAL_ACCENT_COLOR_NAME = AccentColor;
				CODE_SIGN_STYLE = Automatic;
				CURRENT_PROJECT_VERSION = 1;
				DEVELOPMENT_TEAM = S7WPNU5HBB;
				GENERATE_INFOPLIST_FILE = YES;
				INFOPLIST_FILE = InstagramClone/Info.plist;
				INFOPLIST_KEY_UIApplicationSupportsIndirectInputEvents = YES;
				INFOPLIST_KEY_UILaunchStoryboardName = LaunchScreen;
				INFOPLIST_KEY_UISupportedInterfaceOrientations_iPad = "UIInterfaceOrientationPortrait UIInterfaceOrientationPortraitUpsideDown UIInterfaceOrientationLandscapeLeft UIInterfaceOrientationLandscapeRight";
				INFOPLIST_KEY_UISupportedInterfaceOrientations_iPhone = "UIInterfaceOrientationPortrait UIInterfaceOrientationLandscapeLeft UIInterfaceOrientationLandscapeRight";
				LD_RUNPATH_SEARCH_PATHS = (
					"$(inherited)",
					"@executable_path/Frameworks",
				);
				MARKETING_VERSION = 1.0;
				PRODUCT_BUNDLE_IDENTIFIER = com.ducanh.InstagramClone;
				PRODUCT_NAME = "$(TARGET_NAME)";
				SWIFT_EMIT_LOC_STRINGS = YES;
				SWIFT_VERSION = 5.0;
				TARGETED_DEVICE_FAMILY = "1,2";
			};
			name = Release;
		};
/* End XCBuildConfiguration section */

/* Begin XCConfigurationList section */
		57ABFC3F29E998FD00FF1BEB /* Build configuration list for PBXProject "InstagramClone" */ = {
			isa = XCConfigurationList;
			buildConfigurations = (
				57ABFC5629E998FE00FF1BEB /* Debug */,
				57ABFC5729E998FE00FF1BEB /* Release */,
			);
			defaultConfigurationIsVisible = 0;
			defaultConfigurationName = Release;
		};
		57ABFC5829E998FE00FF1BEB /* Build configuration list for PBXNativeTarget "InstagramClone" */ = {
			isa = XCConfigurationList;
			buildConfigurations = (
				57ABFC5929E998FE00FF1BEB /* Debug */,
				57ABFC5A29E998FE00FF1BEB /* Release */,
			);
			defaultConfigurationIsVisible = 0;
			defaultConfigurationName = Release;
		};
/* End XCConfigurationList section */
	};
	rootObject = 57ABFC3C29E998FD00FF1BEB /* Project object */;
}
